// !$*UTF8*$!
{
	archiveVersion = 1;
	classes = {
	};
	objectVersion = 48;
	objects = {

/* Begin PBXBuildFile section */
		6A12269F2091F6E300AEFF86 /* UnderConstruction1ViewController.swift in Sources */ = {isa = PBXBuildFile; fileRef = 6A12269E2091F6E300AEFF86 /* UnderConstruction1ViewController.swift */; };
		6A12E1341F9B3ACA0008D7C3 /* AppDelegate.swift in Sources */ = {isa = PBXBuildFile; fileRef = 6A12E1331F9B3ACA0008D7C3 /* AppDelegate.swift */; };
		6A1388D620FDFCCA00B27489 /* Nichiji.mp3 in Resources */ = {isa = PBXBuildFile; fileRef = 6A1388D520FDFCCA00B27489 /* Nichiji.mp3 */; };
		6A21E02320B5B6B5009979D1 /* BackToViewController.swift in Sources */ = {isa = PBXBuildFile; fileRef = 6A21E02220B5B6B5009979D1 /* BackToViewController.swift */; };
		6A319E012021ED6500F73760 /* Assets.xcassets in Resources */ = {isa = PBXBuildFile; fileRef = 6A319E002021ED6400F73760 /* Assets.xcassets */; };
		6A319E03202282C700F73760 /* WT1ViewController.swift in Sources */ = {isa = PBXBuildFile; fileRef = 6A319E02202282C700F73760 /* WT1ViewController.swift */; };
		6A319E05202282E200F73760 /* WT2ViewController.swift in Sources */ = {isa = PBXBuildFile; fileRef = 6A319E04202282E200F73760 /* WT2ViewController.swift */; };
		6A319E07202282F800F73760 /* WT3ViewController.swift in Sources */ = {isa = PBXBuildFile; fileRef = 6A319E06202282F800F73760 /* WT3ViewController.swift */; };
		6A319E092022831500F73760 /* WT4ViewController.swift in Sources */ = {isa = PBXBuildFile; fileRef = 6A319E082022831500F73760 /* WT4ViewController.swift */; };
		6A319E0B2022832A00F73760 /* WT5ViewController.swift in Sources */ = {isa = PBXBuildFile; fileRef = 6A319E0A2022832A00F73760 /* WT5ViewController.swift */; };
		6A53A4EA2022EA6C002AA049 /* PageViewController.swift in Sources */ = {isa = PBXBuildFile; fileRef = 6A53A4E92022EA6C002AA049 /* PageViewController.swift */; };
		6A71962421349891001DA41B /* Hiyou.mp3 in Resources */ = {isa = PBXBuildFile; fileRef = 6A7195FA2134988C001DA41B /* Hiyou.mp3 */; };
		6A71962521349891001DA41B /* Kazoku.mp3 in Resources */ = {isa = PBXBuildFile; fileRef = 6A7195FB2134988C001DA41B /* Kazoku.mp3 */; };
		6A71962621349891001DA41B /* Yuujin.mp3 in Resources */ = {isa = PBXBuildFile; fileRef = 6A7195FC2134988D001DA41B /* Yuujin.mp3 */; };
		6A71962721349891001DA41B /* Daigaku.mp3 in Resources */ = {isa = PBXBuildFile; fileRef = 6A7195FD2134988D001DA41B /* Daigaku.mp3 */; };
		6A71962821349891001DA41B /* Shingou.mp3 in Resources */ = {isa = PBXBuildFile; fileRef = 6A7195FE2134988D001DA41B /* Shingou.mp3 */; };
		6A71962921349891001DA41B /* Jinkenhi.mp3 in Resources */ = {isa = PBXBuildFile; fileRef = 6A7195FF2134988D001DA41B /* Jinkenhi.mp3 */; };
		6A71962A21349891001DA41B /* Shokuhi.mp3 in Resources */ = {isa = PBXBuildFile; fileRef = 6A7196002134988D001DA41B /* Shokuhi.mp3 */; };
		6A71962B21349891001DA41B /* Katsudou.mp3 in Resources */ = {isa = PBXBuildFile; fileRef = 6A7196012134988D001DA41B /* Katsudou.mp3 */; };
		6A71962C21349891001DA41B /* Tetsudou.mp3 in Resources */ = {isa = PBXBuildFile; fileRef = 6A7196022134988E001DA41B /* Tetsudou.mp3 */; };
		6A71962D21349891001DA41B /* Doushi.mp3 in Resources */ = {isa = PBXBuildFile; fileRef = 6A7196032134988E001DA41B /* Doushi.mp3 */; };
		6A71962E21349891001DA41B /* Doubutsu.mp3 in Resources */ = {isa = PBXBuildFile; fileRef = 6A7196042134988E001DA41B /* Doubutsu.mp3 */; };
		6A71962F21349891001DA41B /* Gakuji.mp3 in Resources */ = {isa = PBXBuildFile; fileRef = 6A7196052134988E001DA41B /* Gakuji.mp3 */; };
		6A71963021349891001DA41B /* Jinken.mp3 in Resources */ = {isa = PBXBuildFile; fileRef = 6A7196062134988E001DA41B /* Jinken.mp3 */; };
		6A71963121349891001DA41B /* Nihonjin.mp3 in Resources */ = {isa = PBXBuildFile; fileRef = 6A7196072134988E001DA41B /* Nihonjin.mp3 */; };
		6A71963221349891001DA41B /* Koutsuu.mp3 in Resources */ = {isa = PBXBuildFile; fileRef = 6A7196082134988E001DA41B /* Koutsuu.mp3 */; };
		6A71963321349891001DA41B /* Gakusei.mp3 in Resources */ = {isa = PBXBuildFile; fileRef = 6A7196092134988E001DA41B /* Gakusei.mp3 */; };
		6A71963421349891001DA41B /* Douki.mp3 in Resources */ = {isa = PBXBuildFile; fileRef = 6A71960A2134988E001DA41B /* Douki.mp3 */; };
		6A71963521349891001DA41B /* Gaikokujin.mp3 in Resources */ = {isa = PBXBuildFile; fileRef = 6A71960B2134988E001DA41B /* Gaikokujin.mp3 */; };
		6A71963621349891001DA41B /* Shinja.mp3 in Resources */ = {isa = PBXBuildFile; fileRef = 6A71960C2134988F001DA41B /* Shinja.mp3 */; };
		6A71963721349891001DA41B /* Kounetsuhi.mp3 in Resources */ = {isa = PBXBuildFile; fileRef = 6A71960D2134988F001DA41B /* Kounetsuhi.mp3 */; };
		6A71963821349891001DA41B /* Gakusha.mp3 in Resources */ = {isa = PBXBuildFile; fileRef = 6A71960E2134988F001DA41B /* Gakusha.mp3 */; };
		6A71963921349891001DA41B /* Doumyaku.mp3 in Resources */ = {isa = PBXBuildFile; fileRef = 6A71960F2134988F001DA41B /* Doumyaku.mp3 */; };
		6A71963A21349891001DA41B /* Ninzuu.mp3 in Resources */ = {isa = PBXBuildFile; fileRef = 6A7196102134988F001DA41B /* Ninzuu.mp3 */; };
		6A71963B21349891001DA41B /* Shinrai.mp3 in Resources */ = {isa = PBXBuildFile; fileRef = 6A7196112134988F001DA41B /* Shinrai.mp3 */; };
		6A71963C21349891001DA41B /* Shousetsuka.mp3 in Resources */ = {isa = PBXBuildFile; fileRef = 6A7196122134988F001DA41B /* Shousetsuka.mp3 */; };
		6A71963D21349891001DA41B /* Ryohi.mp3 in Resources */ = {isa = PBXBuildFile; fileRef = 6A7196132134988F001DA41B /* Ryohi.mp3 */; };
		6A71963E21349891001DA41B /* Shakaigaku.mp3 in Resources */ = {isa = PBXBuildFile; fileRef = 6A7196142134988F001DA41B /* Shakaigaku.mp3 */; };
		6A71963F21349891001DA41B /* Getsumatsu.mp3 in Resources */ = {isa = PBXBuildFile; fileRef = 6A71961521349890001DA41B /* Getsumatsu.mp3 */; };
		6A71964021349891001DA41B /* Seijika.mp3 in Resources */ = {isa = PBXBuildFile; fileRef = 6A71961621349890001DA41B /* Seijika.mp3 */; };
		6A71964121349891001DA41B /* Shitetsu.mp3 in Resources */ = {isa = PBXBuildFile; fileRef = 6A71961721349890001DA41B /* Shitetsu.mp3 */; };
		6A71964221349891001DA41B /* Tekkyou.mp3 in Resources */ = {isa = PBXBuildFile; fileRef = 6A71961821349890001DA41B /* Tekkyou.mp3 */; };
		6A71964321349891001DA41B /* Yuujou.mp3 in Resources */ = {isa = PBXBuildFile; fileRef = 6A71961921349890001DA41B /* Yuujou.mp3 */; };
		6A71964421349891001DA41B /* Akuyuu.mp3 in Resources */ = {isa = PBXBuildFile; fileRef = 6A71961A21349890001DA41B /* Akuyuu.mp3 */; };
		6A71964521349891001DA41B /* Ningen.mp3 in Resources */ = {isa = PBXBuildFile; fileRef = 6A71961B21349890001DA41B /* Ningen.mp3 */; };
		6A71964621349891001DA41B /* Seijigaku.mp3 in Resources */ = {isa = PBXBuildFile; fileRef = 6A71961C21349890001DA41B /* Seijigaku.mp3 */; };
		6A71964721349891001DA41B /* Gakkou.mp3 in Resources */ = {isa = PBXBuildFile; fileRef = 6A71961D21349891001DA41B /* Gakkou.mp3 */; };
		6A71964821349891001DA41B /* Shinyuu.mp3 in Resources */ = {isa = PBXBuildFile; fileRef = 6A71961E21349891001DA41B /* Shinyuu.mp3 */; };
		6A71964A21349891001DA41B /* Seito.mp3 in Resources */ = {isa = PBXBuildFile; fileRef = 6A71962021349891001DA41B /* Seito.mp3 */; };
		6A71964B21349891001DA41B /* Shinjin.mp3 in Resources */ = {isa = PBXBuildFile; fileRef = 6A71962121349891001DA41B /* Shinjin.mp3 */; };
		6A71964C21349891001DA41B /* Kaden.mp3 in Resources */ = {isa = PBXBuildFile; fileRef = 6A71962221349891001DA41B /* Kaden.mp3 */; };
		6A88F68C2103FE4800FDA0ED /* Tsuukou.mp3 in Resources */ = {isa = PBXBuildFile; fileRef = 6A88F68B2103FE4800FDA0ED /* Tsuukou.mp3 */; };
		6A88F68E210404DE00FDA0ED /* Tsuuka.mp3 in Resources */ = {isa = PBXBuildFile; fileRef = 6A88F68D210404DE00FDA0ED /* Tsuuka.mp3 */; };
		6A88F692210404EF00FDA0ED /* Tsuushin.mp3 in Resources */ = {isa = PBXBuildFile; fileRef = 6A88F691210404EF00FDA0ED /* Tsuushin.mp3 */; };
		6A88F694210404F900FDA0ED /* Tsuuyaku.mp3 in Resources */ = {isa = PBXBuildFile; fileRef = 6A88F693210404F900FDA0ED /* Tsuuyaku.mp3 */; };
		6A88F69821040FA000FDA0ED /* Nichiyouhin.mp3 in Resources */ = {isa = PBXBuildFile; fileRef = 6A88F69721040FA000FDA0ED /* Nichiyouhin.mp3 */; };
		6A88F6A82104225800FDA0ED /* Jimen.mp3 in Resources */ = {isa = PBXBuildFile; fileRef = 6A88F6A72104225700FDA0ED /* Jimen.mp3 */; };
		6AA21294207652B700971FE8 /* Localizable.strings in Resources */ = {isa = PBXBuildFile; fileRef = 6AA21296207652B700971FE8 /* Localizable.strings */; };
		6AA5D0451FEA62400096966F /* iPhone.storyboard in Resources */ = {isa = PBXBuildFile; fileRef = 6AA5D0441FEA62400096966F /* iPhone.storyboard */; };
		6AA5D0491FEA63190096966F /* QSelectionViewController.swift in Sources */ = {isa = PBXBuildFile; fileRef = 6AA5D0481FEA63180096966F /* QSelectionViewController.swift */; };
		6AA5D04B1FEA63500096966F /* Review.swift in Sources */ = {isa = PBXBuildFile; fileRef = 6AA5D04A1FEA634F0096966F /* Review.swift */; };
		6AA5D04D1FEA638D0096966F /* PopupViewController.swift in Sources */ = {isa = PBXBuildFile; fileRef = 6AA5D04C1FEA638D0096966F /* PopupViewController.swift */; };
		6AA5D04F1FEA63C20096966F /* ReviewListViewController.swift in Sources */ = {isa = PBXBuildFile; fileRef = 6AA5D04E1FEA63C20096966F /* ReviewListViewController.swift */; };
		6AA5D0511FEA64020096966F /* ViewController.swift in Sources */ = {isa = PBXBuildFile; fileRef = 6AA5D0501FEA64020096966F /* ViewController.swift */; };
		6AA5D0BD1FEA6F570096966F /* LaunchScreen.storyboard in Resources */ = {isa = PBXBuildFile; fileRef = 6AA5D0BC1FEA6F560096966F /* LaunchScreen.storyboard */; };
		6AA645032029D8BB00F12E53 /* NavigationController.swift in Sources */ = {isa = PBXBuildFile; fileRef = 6AA645022029D8BB00F12E53 /* NavigationController.swift */; };
		6AAE5EEB21060A5F003CFB6C /* Shicchi.mp3 in Resources */ = {isa = PBXBuildFile; fileRef = 6AAE5EEA21060A5F003CFB6C /* Shicchi.mp3 */; };
		6AAE5EED21060A6A003CFB6C /* Takuchi.mp3 in Resources */ = {isa = PBXBuildFile; fileRef = 6AAE5EEC21060A6A003CFB6C /* Takuchi.mp3 */; };
		6AAE5EEF21060A72003CFB6C /* Tenchi.mp3 in Resources */ = {isa = PBXBuildFile; fileRef = 6AAE5EEE21060A71003CFB6C /* Tenchi.mp3 */; };
		6AB2F5C121247EB000B2763A /* Doui.mp3 in Resources */ = {isa = PBXBuildFile; fileRef = 6AB2F5B021247EAC00B2763A /* Doui.mp3 */; };
		6AB2F5C221247EB000B2763A /* Kinen.mp3 in Resources */ = {isa = PBXBuildFile; fileRef = 6AB2F5B121247EAD00B2763A /* Kinen.mp3 */; };
		6AB2F5C321247EB000B2763A /* Tennen.mp3 in Resources */ = {isa = PBXBuildFile; fileRef = 6AB2F5B221247EAD00B2763A /* Tennen.mp3 */; };
		6AB2F5C421247EB000B2763A /* Nenryou.mp3 in Resources */ = {isa = PBXBuildFile; fileRef = 6AB2F5B321247EAD00B2763A /* Nenryou.mp3 */; };
		6AB2F5C521247EB000B2763A /* Kako.mp3 in Resources */ = {isa = PBXBuildFile; fileRef = 6AB2F5B421247EAD00B2763A /* Kako.mp3 */; };
		6AB2F5C621247EB000B2763A /* Shuto.mp3 in Resources */ = {isa = PBXBuildFile; fileRef = 6AB2F5B521247EAD00B2763A /* Shuto.mp3 */; };
		6AB2F5C721247EB000B2763A /* Shuukanshi.mp3 in Resources */ = {isa = PBXBuildFile; fileRef = 6AB2F5B621247EAE00B2763A /* Shuukanshi.mp3 */; };
		6AB2F5C821247EB000B2763A /* Ketsuron.mp3 in Resources */ = {isa = PBXBuildFile; fileRef = 6AB2F5B721247EAE00B2763A /* Ketsuron.mp3 */; };
		6AB2F5C921247EB000B2763A /* Tsuuchi.mp3 in Resources */ = {isa = PBXBuildFile; fileRef = 6AB2F5B821247EAE00B2763A /* Tsuuchi.mp3 */; };
		6AB2F5CA21247EB000B2763A /* Kekka.mp3 in Resources */ = {isa = PBXBuildFile; fileRef = 6AB2F5B921247EAE00B2763A /* Kekka.mp3 */; };
		6AB2F5CB21247EB000B2763A /* Kodoku.mp3 in Resources */ = {isa = PBXBuildFile; fileRef = 6AB2F5BA21247EAE00B2763A /* Kodoku.mp3 */; };
		6AB2F5CC21247EB000B2763A /* Kanri.mp3 in Resources */ = {isa = PBXBuildFile; fileRef = 6AB2F5BB21247EAF00B2763A /* Kanri.mp3 */; };
		6AB2F5CD21247EB000B2763A /* Jishin.mp3 in Resources */ = {isa = PBXBuildFile; fileRef = 6AB2F5BC21247EAF00B2763A /* Jishin.mp3 */; };
		6AB2F5CF21247EB000B2763A /* Renraku.mp3 in Resources */ = {isa = PBXBuildFile; fileRef = 6AB2F5BE21247EAF00B2763A /* Renraku.mp3 */; };
		6AB2F5D021247EB000B2763A /* Junbi.mp3 in Resources */ = {isa = PBXBuildFile; fileRef = 6AB2F5BF21247EAF00B2763A /* Junbi.mp3 */; };
		6AB2F5D121247EB000B2763A /* Rakkan.mp3 in Resources */ = {isa = PBXBuildFile; fileRef = 6AB2F5C021247EB000B2763A /* Rakkan.mp3 */; };
		6ABDD6021F9CD82400E005A0 /* HintViewController.swift in Sources */ = {isa = PBXBuildFile; fileRef = 6ABDD6011F9CD82400E005A0 /* HintViewController.swift */; };
		6AC6EE08208F55B20033C39D /* MenuViewController.swift in Sources */ = {isa = PBXBuildFile; fileRef = 6AC6EE07208F55B20033C39D /* MenuViewController.swift */; };
		6AD3CDA520FC7E0E00AB25A3 /* Maitsuki.mp3 in Resources */ = {isa = PBXBuildFile; fileRef = 6AD3CD8120FC7E0C00AB25A3 /* Maitsuki.mp3 */; };
		6AD3CDA620FC7E0E00AB25A3 /* Chuui.mp3 in Resources */ = {isa = PBXBuildFile; fileRef = 6AD3CD8220FC7E0C00AB25A3 /* Chuui.mp3 */; };
		6AD3CDA720FC7E0E00AB25A3 /* Kagaku.mp3 in Resources */ = {isa = PBXBuildFile; fileRef = 6AD3CD8320FC7E0C00AB25A3 /* Kagaku.mp3 */; };
		6AD3CDA920FC7E0E00AB25A3 /* Nichijou.mp3 in Resources */ = {isa = PBXBuildFile; fileRef = 6AD3CD8520FC7E0C00AB25A3 /* Nichijou.mp3 */; };
		6AD3CDAA20FC7E0E00AB25A3 /* Kyou.mp3 in Resources */ = {isa = PBXBuildFile; fileRef = 6AD3CD8620FC7E0C00AB25A3 /* Kyou.mp3 */; };
		6AD3CDAB20FC7E0E00AB25A3 /* Gekkyuu.mp3 in Resources */ = {isa = PBXBuildFile; fileRef = 6AD3CD8720FC7E0C00AB25A3 /* Gekkyuu.mp3 */; };
		6AD3CDAC20FC7E0E00AB25A3 /* Bunka.mp3 in Resources */ = {isa = PBXBuildFile; fileRef = 6AD3CD8820FC7E0C00AB25A3 /* Bunka.mp3 */; };
		6AD3CDAE20FC7E0E00AB25A3 /* Tetsugaku.mp3 in Resources */ = {isa = PBXBuildFile; fileRef = 6AD3CD8A20FC7E0D00AB25A3 /* Tetsugaku.mp3 */; };
		6AD3CDAF20FC7E0E00AB25A3 /* Kongetsu.mp3 in Resources */ = {isa = PBXBuildFile; fileRef = 6AD3CD8B20FC7E0D00AB25A3 /* Kongetsu.mp3 */; };
		6AD3CDB020FC7E0E00AB25A3 /* Seizon.mp3 in Resources */ = {isa = PBXBuildFile; fileRef = 6AD3CD8C20FC7E0D00AB25A3 /* Seizon.mp3 */; };
		6AD3CDB220FC7E0E00AB25A3 /* Hiduke.mp3 in Resources */ = {isa = PBXBuildFile; fileRef = 6AD3CD8E20FC7E0D00AB25A3 /* Hiduke.mp3 */; };
		6AD3CDB320FC7E0E00AB25A3 /* Getsugaku.mp3 in Resources */ = {isa = PBXBuildFile; fileRef = 6AD3CD8F20FC7E0D00AB25A3 /* Getsugaku.mp3 */; };
		6AD3CDB520FC7E0E00AB25A3 /* Mainichi.mp3 in Resources */ = {isa = PBXBuildFile; fileRef = 6AD3CD9120FC7E0D00AB25A3 /* Mainichi.mp3 */; };
		6AD3CDB620FC7E0E00AB25A3 /* Shuujitsu.mp3 in Resources */ = {isa = PBXBuildFile; fileRef = 6AD3CD9220FC7E0D00AB25A3 /* Shuujitsu.mp3 */; };
		6AD3CDB720FC7E0E00AB25A3 /* Raigetsu.mp3 in Resources */ = {isa = PBXBuildFile; fileRef = 6AD3CD9320FC7E0D00AB25A3 /* Raigetsu.mp3 */; };
		6AD3CDB820FC7E0E00AB25A3 /* Seisan.mp3 in Resources */ = {isa = PBXBuildFile; fileRef = 6AD3CD9420FC7E0D00AB25A3 /* Seisan.mp3 */; };
		6AD3CDB920FC7E0E00AB25A3 /* Isshuukan.mp3 in Resources */ = {isa = PBXBuildFile; fileRef = 6AD3CD9520FC7E0D00AB25A3 /* Isshuukan.mp3 */; };
		6AD3CDBA20FC7E0E00AB25A3 /* Maishuu.mp3 in Resources */ = {isa = PBXBuildFile; fileRef = 6AD3CD9620FC7E0D00AB25A3 /* Maishuu.mp3 */; };
		6AD3CDBB20FC7E0E00AB25A3 /* Seikatsu.mp3 in Resources */ = {isa = PBXBuildFile; fileRef = 6AD3CD9720FC7E0D00AB25A3 /* Seikatsu.mp3 */; };
		6AD3CDBC20FC7E0E00AB25A3 /* Yakugaku.mp3 in Resources */ = {isa = PBXBuildFile; fileRef = 6AD3CD9820FC7E0E00AB25A3 /* Yakugaku.mp3 */; };
		6AD3CDBD20FC7E0E00AB25A3 /* Igaku.mp3 in Resources */ = {isa = PBXBuildFile; fileRef = 6AD3CD9920FC7E0E00AB25A3 /* Igaku.mp3 */; };
		6AD3CDBE20FC7E0E00AB25A3 /* Konshuu.mp3 in Resources */ = {isa = PBXBuildFile; fileRef = 6AD3CD9A20FC7E0E00AB25A3 /* Konshuu.mp3 */; };
		6AD3CDC020FC7E0E00AB25A3 /* Raishuu.mp3 in Resources */ = {isa = PBXBuildFile; fileRef = 6AD3CD9C20FC7E0E00AB25A3 /* Raishuu.mp3 */; };
		6AD3CDC120FC7E0E00AB25A3 /* Houritsu.mp3 in Resources */ = {isa = PBXBuildFile; fileRef = 6AD3CD9D20FC7E0E00AB25A3 /* Houritsu.mp3 */; };
		6AD3CDC220FC7E0E00AB25A3 /* Iken.mp3 in Resources */ = {isa = PBXBuildFile; fileRef = 6AD3CD9E20FC7E0E00AB25A3 /* Iken.mp3 */; };
		6AD3CDC320FC7E0E00AB25A3 /* Kakushuu.mp3 in Resources */ = {isa = PBXBuildFile; fileRef = 6AD3CD9F20FC7E0E00AB25A3 /* Kakushuu.mp3 */; };
		6AD3CDC520FC7E0E00AB25A3 /* Sengetsu.mp3 in Resources */ = {isa = PBXBuildFile; fileRef = 6AD3CDA120FC7E0E00AB25A3 /* Sengetsu.mp3 */; };
		6AD3CDC620FC7E0E00AB25A3 /* Senshuu.mp3 in Resources */ = {isa = PBXBuildFile; fileRef = 6AD3CDA220FC7E0E00AB25A3 /* Senshuu.mp3 */; };
		6AD3CDC720FC7E0E00AB25A3 /* Shuumatsu.mp3 in Resources */ = {isa = PBXBuildFile; fileRef = 6AD3CDA320FC7E0E00AB25A3 /* Shuumatsu.mp3 */; };
		6AD3CDC820FC7E0E00AB25A3 /* Suugaku.mp3 in Resources */ = {isa = PBXBuildFile; fileRef = 6AD3CDA420FC7E0E00AB25A3 /* Suugaku.mp3 */; };
		6AD3CDD220FCD56F00AB25A3 /* Bungaku.mp3 in Resources */ = {isa = PBXBuildFile; fileRef = 6AD3CDD120FCD56F00AB25A3 /* Bungaku.mp3 */; };
		6AD3EB0D20A7E36600A13A95 /* IntroGroupViewController.swift in Sources */ = {isa = PBXBuildFile; fileRef = 6AD3EB0C20A7E36600A13A95 /* IntroGroupViewController.swift */; };
		6AD4ACCF21172EC200ECAD4F /* iPad.storyboard in Resources */ = {isa = PBXBuildFile; fileRef = 6AD4ACCE21172EC200ECAD4F /* iPad.storyboard */; };
		6AE2B62E20FF751B00E1454E /* Chikyuu.mp3 in Resources */ = {isa = PBXBuildFile; fileRef = 6AE2B61C20FF751A00E1454E /* Chikyuu.mp3 */; };
		6AE2B63020FF751B00E1454E /* Kokuren.mp3 in Resources */ = {isa = PBXBuildFile; fileRef = 6AE2B61E20FF751A00E1454E /* Kokuren.mp3 */; };
		6AE2B63120FF751B00E1454E /* Kokka.mp3 in Resources */ = {isa = PBXBuildFile; fileRef = 6AE2B61F20FF751A00E1454E /* Kokka.mp3 */; };
		6AE2B63220FF751B00E1454E /* Ihan.mp3 in Resources */ = {isa = PBXBuildFile; fileRef = 6AE2B62020FF751A00E1454E /* Ihan.mp3 */; };
		6AE2B63320FF751B00E1454E /* Hangeki.mp3 in Resources */ = {isa = PBXBuildFile; fileRef = 6AE2B62120FF751A00E1454E /* Hangeki.mp3 */; };
		6AE2B63420FF751B00E1454E /* Kokusai.mp3 in Resources */ = {isa = PBXBuildFile; fileRef = 6AE2B62220FF751B00E1454E /* Kokusai.mp3 */; };
		6AE2B63520FF751B00E1454E /* Kokuritsu.mp3 in Resources */ = {isa = PBXBuildFile; fileRef = 6AE2B62320FF751B00E1454E /* Kokuritsu.mp3 */; };
		6AE2B63620FF751B00E1454E /* Chijou.mp3 in Resources */ = {isa = PBXBuildFile; fileRef = 6AE2B62420FF751B00E1454E /* Chijou.mp3 */; };
		6AE2B63720FF751B00E1454E /* Hannou.mp3 in Resources */ = {isa = PBXBuildFile; fileRef = 6AE2B62520FF751B00E1454E /* Hannou.mp3 */; };
		6AE2B63820FF751B00E1454E /* Kokuseki.mp3 in Resources */ = {isa = PBXBuildFile; fileRef = 6AE2B62620FF751B00E1454E /* Kokuseki.mp3 */; };
		6AE2B63920FF751B00E1454E /* Chikatetsu.mp3 in Resources */ = {isa = PBXBuildFile; fileRef = 6AE2B62720FF751B00E1454E /* Chikatetsu.mp3 */; };
		6AE2B63A20FF751B00E1454E /* Hansha.mp3 in Resources */ = {isa = PBXBuildFile; fileRef = 6AE2B62820FF751B00E1454E /* Hansha.mp3 */; };
		6AE2B63B20FF751B00E1454E /* Hanei.mp3 in Resources */ = {isa = PBXBuildFile; fileRef = 6AE2B62920FF751B00E1454E /* Hanei.mp3 */; };
		6AE2B63C20FF751B00E1454E /* Hantai.mp3 in Resources */ = {isa = PBXBuildFile; fileRef = 6AE2B62A20FF751B00E1454E /* Hantai.mp3 */; };
		6AE2B63D20FF751B00E1454E /* Chika.mp3 in Resources */ = {isa = PBXBuildFile; fileRef = 6AE2B62B20FF751B00E1454E /* Chika.mp3 */; };
		6AE2B63E20FF751B00E1454E /* Hansei.mp3 in Resources */ = {isa = PBXBuildFile; fileRef = 6AE2B62C20FF751B00E1454E /* Hansei.mp3 */; };
		6AF4770F21361C4F00A03278 /* Kansatsu.mp3 in Resources */ = {isa = PBXBuildFile; fileRef = 6AF4770921361C4E00A03278 /* Kansatsu.mp3 */; };
		6AF4771021361C4F00A03278 /* Seikan.mp3 in Resources */ = {isa = PBXBuildFile; fileRef = 6AF4770A21361C4E00A03278 /* Seikan.mp3 */; };
		6AF4771121361C4F00A03278 /* Seimei.mp3 in Resources */ = {isa = PBXBuildFile; fileRef = 6AF4770B21361C4F00A03278 /* Seimei.mp3 */; };
		6AF4771221361C4F00A03278 /* Seikei.mp3 in Resources */ = {isa = PBXBuildFile; fileRef = 6AF4770C21361C4F00A03278 /* Seikei.mp3 */; };
		6AF4771321361C4F00A03278 /* Shinkou.mp3 in Resources */ = {isa = PBXBuildFile; fileRef = 6AF4770D21361C4F00A03278 /* Shinkou.mp3 */; };
		B154A8276A0B4F0EBF5E47D7 /* Pods_KanetsuGo.framework in Frameworks */ = {isa = PBXBuildFile; fileRef = D2567F2ED18E6380782A858F /* Pods_KanetsuGo.framework */; };
/* End PBXBuildFile section */

/* Begin PBXFileReference section */
		6A12269E2091F6E300AEFF86 /* UnderConstruction1ViewController.swift */ = {isa = PBXFileReference; lastKnownFileType = sourcecode.swift; path = UnderConstruction1ViewController.swift; sourceTree = "<group>"; };
		6A12E1301F9B3ACA0008D7C3 /* KanetsuGo.app */ = {isa = PBXFileReference; explicitFileType = wrapper.application; includeInIndex = 0; path = KanetsuGo.app; sourceTree = BUILT_PRODUCTS_DIR; };
		6A12E1331F9B3ACA0008D7C3 /* AppDelegate.swift */ = {isa = PBXFileReference; lastKnownFileType = sourcecode.swift; path = AppDelegate.swift; sourceTree = "<group>"; };
		6A1388D520FDFCCA00B27489 /* Nichiji.mp3 */ = {isa = PBXFileReference; lastKnownFileType = audio.mp3; path = Nichiji.mp3; sourceTree = "<group>"; };
		6A21E02220B5B6B5009979D1 /* BackToViewController.swift */ = {isa = PBXFileReference; lastKnownFileType = sourcecode.swift; path = BackToViewController.swift; sourceTree = "<group>"; };
		6A2947E420FA25A000FAC8C9 /* Anshin.mp3 */ = {isa = PBXFileReference; lastKnownFileType = audio.mp3; path = Anshin.mp3; sourceTree = "<group>"; };
		6A2947E820FA25B300FAC8C9 /* Bungaku.mp3 */ = {isa = PBXFileReference; lastKnownFileType = audio.mp3; path = Bungaku.mp3; sourceTree = "<group>"; };
		6A319E002021ED6400F73760 /* Assets.xcassets */ = {isa = PBXFileReference; lastKnownFileType = folder.assetcatalog; path = Assets.xcassets; sourceTree = "<group>"; };
		6A319E02202282C700F73760 /* WT1ViewController.swift */ = {isa = PBXFileReference; lastKnownFileType = sourcecode.swift; path = WT1ViewController.swift; sourceTree = "<group>"; };
		6A319E04202282E200F73760 /* WT2ViewController.swift */ = {isa = PBXFileReference; lastKnownFileType = sourcecode.swift; path = WT2ViewController.swift; sourceTree = "<group>"; };
		6A319E06202282F800F73760 /* WT3ViewController.swift */ = {isa = PBXFileReference; lastKnownFileType = sourcecode.swift; path = WT3ViewController.swift; sourceTree = "<group>"; };
		6A319E082022831500F73760 /* WT4ViewController.swift */ = {isa = PBXFileReference; lastKnownFileType = sourcecode.swift; path = WT4ViewController.swift; sourceTree = "<group>"; };
		6A319E0A2022832A00F73760 /* WT5ViewController.swift */ = {isa = PBXFileReference; lastKnownFileType = sourcecode.swift; path = WT5ViewController.swift; sourceTree = "<group>"; };
		6A53A4E92022EA6C002AA049 /* PageViewController.swift */ = {isa = PBXFileReference; lastKnownFileType = sourcecode.swift; path = PageViewController.swift; sourceTree = "<group>"; };
		6A7195FA2134988C001DA41B /* Hiyou.mp3 */ = {isa = PBXFileReference; lastKnownFileType = audio.mp3; path = Hiyou.mp3; sourceTree = "<group>"; };
		6A7195FB2134988C001DA41B /* Kazoku.mp3 */ = {isa = PBXFileReference; lastKnownFileType = audio.mp3; path = Kazoku.mp3; sourceTree = "<group>"; };
		6A7195FC2134988D001DA41B /* Yuujin.mp3 */ = {isa = PBXFileReference; lastKnownFileType = audio.mp3; path = Yuujin.mp3; sourceTree = "<group>"; };
		6A7195FD2134988D001DA41B /* Daigaku.mp3 */ = {isa = PBXFileReference; lastKnownFileType = audio.mp3; path = Daigaku.mp3; sourceTree = "<group>"; };
		6A7195FE2134988D001DA41B /* Shingou.mp3 */ = {isa = PBXFileReference; lastKnownFileType = audio.mp3; path = Shingou.mp3; sourceTree = "<group>"; };
		6A7195FF2134988D001DA41B /* Jinkenhi.mp3 */ = {isa = PBXFileReference; lastKnownFileType = audio.mp3; path = Jinkenhi.mp3; sourceTree = "<group>"; };
		6A7196002134988D001DA41B /* Shokuhi.mp3 */ = {isa = PBXFileReference; lastKnownFileType = audio.mp3; path = Shokuhi.mp3; sourceTree = "<group>"; };
		6A7196012134988D001DA41B /* Katsudou.mp3 */ = {isa = PBXFileReference; lastKnownFileType = audio.mp3; path = Katsudou.mp3; sourceTree = "<group>"; };
		6A7196022134988E001DA41B /* Tetsudou.mp3 */ = {isa = PBXFileReference; lastKnownFileType = audio.mp3; path = Tetsudou.mp3; sourceTree = "<group>"; };
		6A7196032134988E001DA41B /* Doushi.mp3 */ = {isa = PBXFileReference; lastKnownFileType = audio.mp3; path = Doushi.mp3; sourceTree = "<group>"; };
		6A7196042134988E001DA41B /* Doubutsu.mp3 */ = {isa = PBXFileReference; lastKnownFileType = audio.mp3; path = Doubutsu.mp3; sourceTree = "<group>"; };
		6A7196052134988E001DA41B /* Gakuji.mp3 */ = {isa = PBXFileReference; lastKnownFileType = audio.mp3; path = Gakuji.mp3; sourceTree = "<group>"; };
		6A7196062134988E001DA41B /* Jinken.mp3 */ = {isa = PBXFileReference; lastKnownFileType = audio.mp3; path = Jinken.mp3; sourceTree = "<group>"; };
		6A7196072134988E001DA41B /* Nihonjin.mp3 */ = {isa = PBXFileReference; lastKnownFileType = audio.mp3; path = Nihonjin.mp3; sourceTree = "<group>"; };
		6A7196082134988E001DA41B /* Koutsuu.mp3 */ = {isa = PBXFileReference; lastKnownFileType = audio.mp3; path = Koutsuu.mp3; sourceTree = "<group>"; };
		6A7196092134988E001DA41B /* Gakusei.mp3 */ = {isa = PBXFileReference; lastKnownFileType = audio.mp3; name = Gakusei.mp3; path = ../../../../Desktop/Pronunciation/Gakusei.mp3; sourceTree = "<group>"; };
		6A71960A2134988E001DA41B /* Douki.mp3 */ = {isa = PBXFileReference; lastKnownFileType = audio.mp3; path = Douki.mp3; sourceTree = "<group>"; };
		6A71960B2134988E001DA41B /* Gaikokujin.mp3 */ = {isa = PBXFileReference; lastKnownFileType = audio.mp3; path = Gaikokujin.mp3; sourceTree = "<group>"; };
		6A71960C2134988F001DA41B /* Shinja.mp3 */ = {isa = PBXFileReference; lastKnownFileType = audio.mp3; path = Shinja.mp3; sourceTree = "<group>"; };
		6A71960D2134988F001DA41B /* Kounetsuhi.mp3 */ = {isa = PBXFileReference; lastKnownFileType = audio.mp3; path = Kounetsuhi.mp3; sourceTree = "<group>"; };
		6A71960E2134988F001DA41B /* Gakusha.mp3 */ = {isa = PBXFileReference; lastKnownFileType = audio.mp3; path = Gakusha.mp3; sourceTree = "<group>"; };
		6A71960F2134988F001DA41B /* Doumyaku.mp3 */ = {isa = PBXFileReference; lastKnownFileType = audio.mp3; path = Doumyaku.mp3; sourceTree = "<group>"; };
		6A7196102134988F001DA41B /* Ninzuu.mp3 */ = {isa = PBXFileReference; lastKnownFileType = audio.mp3; path = Ninzuu.mp3; sourceTree = "<group>"; };
		6A7196112134988F001DA41B /* Shinrai.mp3 */ = {isa = PBXFileReference; lastKnownFileType = audio.mp3; path = Shinrai.mp3; sourceTree = "<group>"; };
		6A7196122134988F001DA41B /* Shousetsuka.mp3 */ = {isa = PBXFileReference; lastKnownFileType = audio.mp3; path = Shousetsuka.mp3; sourceTree = "<group>"; };
		6A7196132134988F001DA41B /* Ryohi.mp3 */ = {isa = PBXFileReference; lastKnownFileType = audio.mp3; path = Ryohi.mp3; sourceTree = "<group>"; };
		6A7196142134988F001DA41B /* Shakaigaku.mp3 */ = {isa = PBXFileReference; lastKnownFileType = audio.mp3; path = Shakaigaku.mp3; sourceTree = "<group>"; };
		6A71961521349890001DA41B /* Getsumatsu.mp3 */ = {isa = PBXFileReference; lastKnownFileType = audio.mp3; path = Getsumatsu.mp3; sourceTree = "<group>"; };
		6A71961621349890001DA41B /* Seijika.mp3 */ = {isa = PBXFileReference; lastKnownFileType = audio.mp3; path = Seijika.mp3; sourceTree = "<group>"; };
		6A71961721349890001DA41B /* Shitetsu.mp3 */ = {isa = PBXFileReference; lastKnownFileType = audio.mp3; path = Shitetsu.mp3; sourceTree = "<group>"; };
		6A71961821349890001DA41B /* Tekkyou.mp3 */ = {isa = PBXFileReference; lastKnownFileType = audio.mp3; path = Tekkyou.mp3; sourceTree = "<group>"; };
		6A71961921349890001DA41B /* Yuujou.mp3 */ = {isa = PBXFileReference; lastKnownFileType = audio.mp3; path = Yuujou.mp3; sourceTree = "<group>"; };
		6A71961A21349890001DA41B /* Akuyuu.mp3 */ = {isa = PBXFileReference; lastKnownFileType = audio.mp3; path = Akuyuu.mp3; sourceTree = "<group>"; };
		6A71961B21349890001DA41B /* Ningen.mp3 */ = {isa = PBXFileReference; lastKnownFileType = audio.mp3; path = Ningen.mp3; sourceTree = "<group>"; };
		6A71961C21349890001DA41B /* Seijigaku.mp3 */ = {isa = PBXFileReference; lastKnownFileType = audio.mp3; path = Seijigaku.mp3; sourceTree = "<group>"; };
		6A71961D21349891001DA41B /* Gakkou.mp3 */ = {isa = PBXFileReference; lastKnownFileType = audio.mp3; path = Gakkou.mp3; sourceTree = "<group>"; };
		6A71961E21349891001DA41B /* Shinyuu.mp3 */ = {isa = PBXFileReference; lastKnownFileType = audio.mp3; path = Shinyuu.mp3; sourceTree = "<group>"; };
		6A71962021349891001DA41B /* Seito.mp3 */ = {isa = PBXFileReference; lastKnownFileType = audio.mp3; name = Seito.mp3; path = ../../../../Desktop/Pronunciation/Seito.mp3; sourceTree = "<group>"; };
		6A71962121349891001DA41B /* Shinjin.mp3 */ = {isa = PBXFileReference; lastKnownFileType = audio.mp3; path = Shinjin.mp3; sourceTree = "<group>"; };
		6A71962221349891001DA41B /* Kaden.mp3 */ = {isa = PBXFileReference; lastKnownFileType = audio.mp3; path = Kaden.mp3; sourceTree = "<group>"; };
		6A88F68B2103FE4800FDA0ED /* Tsuukou.mp3 */ = {isa = PBXFileReference; lastKnownFileType = audio.mp3; path = Tsuukou.mp3; sourceTree = "<group>"; };
		6A88F68D210404DE00FDA0ED /* Tsuuka.mp3 */ = {isa = PBXFileReference; lastKnownFileType = audio.mp3; path = Tsuuka.mp3; sourceTree = "<group>"; };
		6A88F691210404EF00FDA0ED /* Tsuushin.mp3 */ = {isa = PBXFileReference; lastKnownFileType = audio.mp3; path = Tsuushin.mp3; sourceTree = "<group>"; };
		6A88F693210404F900FDA0ED /* Tsuuyaku.mp3 */ = {isa = PBXFileReference; lastKnownFileType = audio.mp3; path = Tsuuyaku.mp3; sourceTree = "<group>"; };
		6A88F69721040FA000FDA0ED /* Nichiyouhin.mp3 */ = {isa = PBXFileReference; lastKnownFileType = audio.mp3; path = Nichiyouhin.mp3; sourceTree = "<group>"; };
		6A88F6A72104225700FDA0ED /* Jimen.mp3 */ = {isa = PBXFileReference; lastKnownFileType = audio.mp3; path = Jimen.mp3; sourceTree = "<group>"; };
		6A9BB93920F8F2900038ADE8 /* Nichiji.mp3 */ = {isa = PBXFileReference; lastKnownFileType = audio.mp3; name = Nichiji.mp3; path = /Desktop/Pronunciation/Nichiji.mp3; sourceTree = "<absolute>"; };
		6AA21295207652B700971FE8 /* en */ = {isa = PBXFileReference; lastKnownFileType = text.plist.strings; name = en; path = en.lproj/Localizable.strings; sourceTree = "<group>"; };
		6AA21298207652E600971FE8 /* vi */ = {isa = PBXFileReference; lastKnownFileType = text.plist.strings; name = vi; path = vi.lproj/Localizable.strings; sourceTree = "<group>"; };
		6AA212992076530B00971FE8 /* ja */ = {isa = PBXFileReference; lastKnownFileType = text.plist.strings; name = ja; path = ja.lproj/Localizable.strings; sourceTree = "<group>"; };
		6AA2129A20772A1300971FE8 /* Base */ = {isa = PBXFileReference; lastKnownFileType = text.plist.strings; name = Base; path = Base.lproj/Localizable.strings; sourceTree = "<group>"; };
		6AA5D0441FEA62400096966F /* iPhone.storyboard */ = {isa = PBXFileReference; fileEncoding = 4; lastKnownFileType = file.storyboard; path = iPhone.storyboard; sourceTree = "<group>"; };
		6AA5D0481FEA63180096966F /* QSelectionViewController.swift */ = {isa = PBXFileReference; fileEncoding = 4; lastKnownFileType = sourcecode.swift; path = QSelectionViewController.swift; sourceTree = "<group>"; };
		6AA5D04A1FEA634F0096966F /* Review.swift */ = {isa = PBXFileReference; fileEncoding = 4; lastKnownFileType = sourcecode.swift; path = Review.swift; sourceTree = "<group>"; };
		6AA5D04C1FEA638D0096966F /* PopupViewController.swift */ = {isa = PBXFileReference; fileEncoding = 4; lastKnownFileType = sourcecode.swift; path = PopupViewController.swift; sourceTree = "<group>"; };
		6AA5D04E1FEA63C20096966F /* ReviewListViewController.swift */ = {isa = PBXFileReference; fileEncoding = 4; lastKnownFileType = sourcecode.swift; path = ReviewListViewController.swift; sourceTree = "<group>"; };
		6AA5D0501FEA64020096966F /* ViewController.swift */ = {isa = PBXFileReference; fileEncoding = 4; lastKnownFileType = sourcecode.swift; path = ViewController.swift; sourceTree = "<group>"; };
		6AA5D0521FEA646D0096966F /* Info.plist */ = {isa = PBXFileReference; fileEncoding = 4; lastKnownFileType = text.plist.xml; path = Info.plist; sourceTree = "<group>"; };
		6AA5D0BC1FEA6F560096966F /* LaunchScreen.storyboard */ = {isa = PBXFileReference; fileEncoding = 4; lastKnownFileType = file.storyboard; path = LaunchScreen.storyboard; sourceTree = "<group>"; };
		6AA645022029D8BB00F12E53 /* NavigationController.swift */ = {isa = PBXFileReference; lastKnownFileType = sourcecode.swift; path = NavigationController.swift; sourceTree = "<group>"; };
		6AAE5EEA21060A5F003CFB6C /* Shicchi.mp3 */ = {isa = PBXFileReference; lastKnownFileType = audio.mp3; path = Shicchi.mp3; sourceTree = "<group>"; };
		6AAE5EEC21060A6A003CFB6C /* Takuchi.mp3 */ = {isa = PBXFileReference; lastKnownFileType = audio.mp3; path = Takuchi.mp3; sourceTree = "<group>"; };
		6AAE5EEE21060A71003CFB6C /* Tenchi.mp3 */ = {isa = PBXFileReference; lastKnownFileType = audio.mp3; path = Tenchi.mp3; sourceTree = "<group>"; };
		6AB2F5B021247EAC00B2763A /* Doui.mp3 */ = {isa = PBXFileReference; lastKnownFileType = audio.mp3; path = Doui.mp3; sourceTree = "<group>"; };
		6AB2F5B121247EAD00B2763A /* Kinen.mp3 */ = {isa = PBXFileReference; lastKnownFileType = audio.mp3; path = Kinen.mp3; sourceTree = "<group>"; };
		6AB2F5B221247EAD00B2763A /* Tennen.mp3 */ = {isa = PBXFileReference; lastKnownFileType = audio.mp3; path = Tennen.mp3; sourceTree = "<group>"; };
		6AB2F5B321247EAD00B2763A /* Nenryou.mp3 */ = {isa = PBXFileReference; lastKnownFileType = audio.mp3; path = Nenryou.mp3; sourceTree = "<group>"; };
		6AB2F5B421247EAD00B2763A /* Kako.mp3 */ = {isa = PBXFileReference; lastKnownFileType = audio.mp3; path = Kako.mp3; sourceTree = "<group>"; };
		6AB2F5B521247EAD00B2763A /* Shuto.mp3 */ = {isa = PBXFileReference; lastKnownFileType = audio.mp3; path = Shuto.mp3; sourceTree = "<group>"; };
		6AB2F5B621247EAE00B2763A /* Shuukanshi.mp3 */ = {isa = PBXFileReference; lastKnownFileType = audio.mp3; path = Shuukanshi.mp3; sourceTree = "<group>"; };
		6AB2F5B721247EAE00B2763A /* Ketsuron.mp3 */ = {isa = PBXFileReference; lastKnownFileType = audio.mp3; path = Ketsuron.mp3; sourceTree = "<group>"; };
		6AB2F5B821247EAE00B2763A /* Tsuuchi.mp3 */ = {isa = PBXFileReference; lastKnownFileType = audio.mp3; name = Tsuuchi.mp3; path = ../../../../Desktop/Pronunciation/Tsuuchi.mp3; sourceTree = "<group>"; };
		6AB2F5B921247EAE00B2763A /* Kekka.mp3 */ = {isa = PBXFileReference; lastKnownFileType = audio.mp3; path = Kekka.mp3; sourceTree = "<group>"; };
		6AB2F5BA21247EAE00B2763A /* Kodoku.mp3 */ = {isa = PBXFileReference; lastKnownFileType = audio.mp3; path = Kodoku.mp3; sourceTree = "<group>"; };
		6AB2F5BB21247EAF00B2763A /* Kanri.mp3 */ = {isa = PBXFileReference; lastKnownFileType = audio.mp3; path = Kanri.mp3; sourceTree = "<group>"; };
		6AB2F5BC21247EAF00B2763A /* Jishin.mp3 */ = {isa = PBXFileReference; lastKnownFileType = audio.mp3; path = Jishin.mp3; sourceTree = "<group>"; };
		6AB2F5BE21247EAF00B2763A /* Renraku.mp3 */ = {isa = PBXFileReference; lastKnownFileType = audio.mp3; path = Renraku.mp3; sourceTree = "<group>"; };
		6AB2F5BF21247EAF00B2763A /* Junbi.mp3 */ = {isa = PBXFileReference; lastKnownFileType = audio.mp3; name = Junbi.mp3; path = ../../../../Desktop/Pronunciation/Junbi.mp3; sourceTree = "<group>"; };
		6AB2F5C021247EB000B2763A /* Rakkan.mp3 */ = {isa = PBXFileReference; lastKnownFileType = audio.mp3; path = Rakkan.mp3; sourceTree = "<group>"; };
		6ABDD6011F9CD82400E005A0 /* HintViewController.swift */ = {isa = PBXFileReference; lastKnownFileType = sourcecode.swift; path = HintViewController.swift; sourceTree = "<group>"; };
		6AC6EE07208F55B20033C39D /* MenuViewController.swift */ = {isa = PBXFileReference; lastKnownFileType = sourcecode.swift; path = MenuViewController.swift; sourceTree = "<group>"; };
		6AD3CD8120FC7E0C00AB25A3 /* Maitsuki.mp3 */ = {isa = PBXFileReference; lastKnownFileType = audio.mp3; path = Maitsuki.mp3; sourceTree = "<group>"; };
		6AD3CD8220FC7E0C00AB25A3 /* Chuui.mp3 */ = {isa = PBXFileReference; lastKnownFileType = audio.mp3; path = Chuui.mp3; sourceTree = "<group>"; };
		6AD3CD8320FC7E0C00AB25A3 /* Kagaku.mp3 */ = {isa = PBXFileReference; lastKnownFileType = audio.mp3; path = Kagaku.mp3; sourceTree = "<group>"; };
		6AD3CD8520FC7E0C00AB25A3 /* Nichijou.mp3 */ = {isa = PBXFileReference; lastKnownFileType = audio.mp3; path = Nichijou.mp3; sourceTree = "<group>"; };
		6AD3CD8620FC7E0C00AB25A3 /* Kyou.mp3 */ = {isa = PBXFileReference; lastKnownFileType = audio.mp3; path = Kyou.mp3; sourceTree = "<group>"; };
		6AD3CD8720FC7E0C00AB25A3 /* Gekkyuu.mp3 */ = {isa = PBXFileReference; lastKnownFileType = audio.mp3; path = Gekkyuu.mp3; sourceTree = "<group>"; };
		6AD3CD8820FC7E0C00AB25A3 /* Bunka.mp3 */ = {isa = PBXFileReference; lastKnownFileType = audio.mp3; path = Bunka.mp3; sourceTree = "<group>"; };
		6AD3CD8A20FC7E0D00AB25A3 /* Tetsugaku.mp3 */ = {isa = PBXFileReference; lastKnownFileType = audio.mp3; path = Tetsugaku.mp3; sourceTree = "<group>"; };
		6AD3CD8B20FC7E0D00AB25A3 /* Kongetsu.mp3 */ = {isa = PBXFileReference; lastKnownFileType = audio.mp3; path = Kongetsu.mp3; sourceTree = "<group>"; };
		6AD3CD8C20FC7E0D00AB25A3 /* Seizon.mp3 */ = {isa = PBXFileReference; lastKnownFileType = audio.mp3; path = Seizon.mp3; sourceTree = "<group>"; };
		6AD3CD8E20FC7E0D00AB25A3 /* Hiduke.mp3 */ = {isa = PBXFileReference; lastKnownFileType = audio.mp3; path = Hiduke.mp3; sourceTree = "<group>"; };
		6AD3CD8F20FC7E0D00AB25A3 /* Getsugaku.mp3 */ = {isa = PBXFileReference; lastKnownFileType = audio.mp3; path = Getsugaku.mp3; sourceTree = "<group>"; };
		6AD3CD9120FC7E0D00AB25A3 /* Mainichi.mp3 */ = {isa = PBXFileReference; lastKnownFileType = audio.mp3; path = Mainichi.mp3; sourceTree = "<group>"; };
		6AD3CD9220FC7E0D00AB25A3 /* Shuujitsu.mp3 */ = {isa = PBXFileReference; lastKnownFileType = audio.mp3; path = Shuujitsu.mp3; sourceTree = "<group>"; };
		6AD3CD9320FC7E0D00AB25A3 /* Raigetsu.mp3 */ = {isa = PBXFileReference; lastKnownFileType = audio.mp3; path = Raigetsu.mp3; sourceTree = "<group>"; };
		6AD3CD9420FC7E0D00AB25A3 /* Seisan.mp3 */ = {isa = PBXFileReference; lastKnownFileType = audio.mp3; path = Seisan.mp3; sourceTree = "<group>"; };
		6AD3CD9520FC7E0D00AB25A3 /* Isshuukan.mp3 */ = {isa = PBXFileReference; lastKnownFileType = audio.mp3; path = Isshuukan.mp3; sourceTree = "<group>"; };
		6AD3CD9620FC7E0D00AB25A3 /* Maishuu.mp3 */ = {isa = PBXFileReference; lastKnownFileType = audio.mp3; path = Maishuu.mp3; sourceTree = "<group>"; };
		6AD3CD9720FC7E0D00AB25A3 /* Seikatsu.mp3 */ = {isa = PBXFileReference; lastKnownFileType = audio.mp3; path = Seikatsu.mp3; sourceTree = "<group>"; };
		6AD3CD9820FC7E0E00AB25A3 /* Yakugaku.mp3 */ = {isa = PBXFileReference; lastKnownFileType = audio.mp3; path = Yakugaku.mp3; sourceTree = "<group>"; };
		6AD3CD9920FC7E0E00AB25A3 /* Igaku.mp3 */ = {isa = PBXFileReference; lastKnownFileType = audio.mp3; path = Igaku.mp3; sourceTree = "<group>"; };
		6AD3CD9A20FC7E0E00AB25A3 /* Konshuu.mp3 */ = {isa = PBXFileReference; lastKnownFileType = audio.mp3; path = Konshuu.mp3; sourceTree = "<group>"; };
		6AD3CD9C20FC7E0E00AB25A3 /* Raishuu.mp3 */ = {isa = PBXFileReference; lastKnownFileType = audio.mp3; path = Raishuu.mp3; sourceTree = "<group>"; };
		6AD3CD9D20FC7E0E00AB25A3 /* Houritsu.mp3 */ = {isa = PBXFileReference; lastKnownFileType = audio.mp3; path = Houritsu.mp3; sourceTree = "<group>"; };
		6AD3CD9E20FC7E0E00AB25A3 /* Iken.mp3 */ = {isa = PBXFileReference; lastKnownFileType = audio.mp3; path = Iken.mp3; sourceTree = "<group>"; };
		6AD3CD9F20FC7E0E00AB25A3 /* Kakushuu.mp3 */ = {isa = PBXFileReference; lastKnownFileType = audio.mp3; path = Kakushuu.mp3; sourceTree = "<group>"; };
		6AD3CDA120FC7E0E00AB25A3 /* Sengetsu.mp3 */ = {isa = PBXFileReference; lastKnownFileType = audio.mp3; path = Sengetsu.mp3; sourceTree = "<group>"; };
		6AD3CDA220FC7E0E00AB25A3 /* Senshuu.mp3 */ = {isa = PBXFileReference; lastKnownFileType = audio.mp3; path = Senshuu.mp3; sourceTree = "<group>"; };
		6AD3CDA320FC7E0E00AB25A3 /* Shuumatsu.mp3 */ = {isa = PBXFileReference; lastKnownFileType = audio.mp3; path = Shuumatsu.mp3; sourceTree = "<group>"; };
		6AD3CDA420FC7E0E00AB25A3 /* Suugaku.mp3 */ = {isa = PBXFileReference; lastKnownFileType = audio.mp3; path = Suugaku.mp3; sourceTree = "<group>"; };
		6AD3CDD120FCD56F00AB25A3 /* Bungaku.mp3 */ = {isa = PBXFileReference; lastKnownFileType = audio.mp3; path = Bungaku.mp3; sourceTree = "<group>"; };
		6AD3EB0C20A7E36600A13A95 /* IntroGroupViewController.swift */ = {isa = PBXFileReference; lastKnownFileType = sourcecode.swift; path = IntroGroupViewController.swift; sourceTree = "<group>"; };
		6AD4ACCE21172EC200ECAD4F /* iPad.storyboard */ = {isa = PBXFileReference; fileEncoding = 4; lastKnownFileType = file.storyboard; path = iPad.storyboard; sourceTree = "<group>"; };
		6AE2B61C20FF751A00E1454E /* Chikyuu.mp3 */ = {isa = PBXFileReference; lastKnownFileType = audio.mp3; path = Chikyuu.mp3; sourceTree = "<group>"; };
		6AE2B61E20FF751A00E1454E /* Kokuren.mp3 */ = {isa = PBXFileReference; lastKnownFileType = audio.mp3; path = Kokuren.mp3; sourceTree = "<group>"; };
		6AE2B61F20FF751A00E1454E /* Kokka.mp3 */ = {isa = PBXFileReference; lastKnownFileType = audio.mp3; path = Kokka.mp3; sourceTree = "<group>"; };
		6AE2B62020FF751A00E1454E /* Ihan.mp3 */ = {isa = PBXFileReference; lastKnownFileType = audio.mp3; path = Ihan.mp3; sourceTree = "<group>"; };
		6AE2B62120FF751A00E1454E /* Hangeki.mp3 */ = {isa = PBXFileReference; lastKnownFileType = audio.mp3; path = Hangeki.mp3; sourceTree = "<group>"; };
		6AE2B62220FF751B00E1454E /* Kokusai.mp3 */ = {isa = PBXFileReference; lastKnownFileType = audio.mp3; path = Kokusai.mp3; sourceTree = "<group>"; };
		6AE2B62320FF751B00E1454E /* Kokuritsu.mp3 */ = {isa = PBXFileReference; lastKnownFileType = audio.mp3; path = Kokuritsu.mp3; sourceTree = "<group>"; };
		6AE2B62420FF751B00E1454E /* Chijou.mp3 */ = {isa = PBXFileReference; lastKnownFileType = audio.mp3; path = Chijou.mp3; sourceTree = "<group>"; };
		6AE2B62520FF751B00E1454E /* Hannou.mp3 */ = {isa = PBXFileReference; lastKnownFileType = audio.mp3; path = Hannou.mp3; sourceTree = "<group>"; };
		6AE2B62620FF751B00E1454E /* Kokuseki.mp3 */ = {isa = PBXFileReference; lastKnownFileType = audio.mp3; path = Kokuseki.mp3; sourceTree = "<group>"; };
		6AE2B62720FF751B00E1454E /* Chikatetsu.mp3 */ = {isa = PBXFileReference; lastKnownFileType = audio.mp3; path = Chikatetsu.mp3; sourceTree = "<group>"; };
		6AE2B62820FF751B00E1454E /* Hansha.mp3 */ = {isa = PBXFileReference; lastKnownFileType = audio.mp3; path = Hansha.mp3; sourceTree = "<group>"; };
		6AE2B62920FF751B00E1454E /* Hanei.mp3 */ = {isa = PBXFileReference; lastKnownFileType = audio.mp3; path = Hanei.mp3; sourceTree = "<group>"; };
		6AE2B62A20FF751B00E1454E /* Hantai.mp3 */ = {isa = PBXFileReference; lastKnownFileType = audio.mp3; path = Hantai.mp3; sourceTree = "<group>"; };
		6AE2B62B20FF751B00E1454E /* Chika.mp3 */ = {isa = PBXFileReference; lastKnownFileType = audio.mp3; path = Chika.mp3; sourceTree = "<group>"; };
		6AE2B62C20FF751B00E1454E /* Hansei.mp3 */ = {isa = PBXFileReference; lastKnownFileType = audio.mp3; path = Hansei.mp3; sourceTree = "<group>"; };
		6AF4770921361C4E00A03278 /* Kansatsu.mp3 */ = {isa = PBXFileReference; lastKnownFileType = audio.mp3; path = Kansatsu.mp3; sourceTree = "<group>"; };
		6AF4770A21361C4E00A03278 /* Seikan.mp3 */ = {isa = PBXFileReference; lastKnownFileType = audio.mp3; path = Seikan.mp3; sourceTree = "<group>"; };
		6AF4770B21361C4F00A03278 /* Seimei.mp3 */ = {isa = PBXFileReference; lastKnownFileType = audio.mp3; path = Seimei.mp3; sourceTree = "<group>"; };
		6AF4770C21361C4F00A03278 /* Seikei.mp3 */ = {isa = PBXFileReference; lastKnownFileType = audio.mp3; path = Seikei.mp3; sourceTree = "<group>"; };
		6AF4770D21361C4F00A03278 /* Shinkou.mp3 */ = {isa = PBXFileReference; lastKnownFileType = audio.mp3; path = Shinkou.mp3; sourceTree = "<group>"; };
		A6F546E6A3AA79DC11926AC9 /* Pods-KanetsuGo.debug.xcconfig */ = {isa = PBXFileReference; includeInIndex = 1; lastKnownFileType = text.xcconfig; name = "Pods-KanetsuGo.debug.xcconfig"; path = "Pods/Target Support Files/Pods-KanetsuGo/Pods-KanetsuGo.debug.xcconfig"; sourceTree = "<group>"; };
		D2567F2ED18E6380782A858F /* Pods_KanetsuGo.framework */ = {isa = PBXFileReference; explicitFileType = wrapper.framework; includeInIndex = 0; path = Pods_KanetsuGo.framework; sourceTree = BUILT_PRODUCTS_DIR; };
		E3B8315F86604791F44942C7 /* Pods-KanetsuGo.release.xcconfig */ = {isa = PBXFileReference; includeInIndex = 1; lastKnownFileType = text.xcconfig; name = "Pods-KanetsuGo.release.xcconfig"; path = "Pods/Target Support Files/Pods-KanetsuGo/Pods-KanetsuGo.release.xcconfig"; sourceTree = "<group>"; };
/* End PBXFileReference section */

/* Begin PBXFrameworksBuildPhase section */
		6A12E12D1F9B3ACA0008D7C3 /* Frameworks */ = {
			isa = PBXFrameworksBuildPhase;
			buildActionMask = 2147483647;
			files = (
				B154A8276A0B4F0EBF5E47D7 /* Pods_KanetsuGo.framework in Frameworks */,
			);
			runOnlyForDeploymentPostprocessing = 0;
		};
/* End PBXFrameworksBuildPhase section */

/* Begin PBXGroup section */
		6A12E1271F9B3ACA0008D7C3 = {
			isa = PBXGroup;
			children = (
				6A12E1321F9B3ACA0008D7C3 /* KanetsuGo */,
				6A12E1311F9B3ACA0008D7C3 /* Products */,
				D7FB38E931F49682C50FC363 /* Pods */,
				E7B65B14C9E5448E1C1E16C7 /* Frameworks */,
				6AFE468C20F9BBE2005E4232 /* Recovered References */,
			);
			sourceTree = "<group>";
		};
		6A12E1311F9B3ACA0008D7C3 /* Products */ = {
			isa = PBXGroup;
			children = (
				6A12E1301F9B3ACA0008D7C3 /* KanetsuGo.app */,
			);
			name = Products;
			sourceTree = "<group>";
		};
		6A12E1321F9B3ACA0008D7C3 /* KanetsuGo */ = {
			isa = PBXGroup;
			children = (
				6AA5D0BA1FEA6D970096966F /* View Controllers */,
				6AA5D0441FEA62400096966F /* iPhone.storyboard */,
				6AD4ACCE21172EC200ECAD4F /* iPad.storyboard */,
				6A21E02220B5B6B5009979D1 /* BackToViewController.swift */,
				6AD3EB0C20A7E36600A13A95 /* IntroGroupViewController.swift */,
				6A12269E2091F6E300AEFF86 /* UnderConstruction1ViewController.swift */,
				6AC6EE07208F55B20033C39D /* MenuViewController.swift */,
				6AA21296207652B700971FE8 /* Localizable.strings */,
				6AA645022029D8BB00F12E53 /* NavigationController.swift */,
				6A53A4E92022EA6C002AA049 /* PageViewController.swift */,
				6A319E0A2022832A00F73760 /* WT5ViewController.swift */,
				6A319E082022831500F73760 /* WT4ViewController.swift */,
				6A319E06202282F800F73760 /* WT3ViewController.swift */,
				6A319E04202282E200F73760 /* WT2ViewController.swift */,
				6A319E02202282C700F73760 /* WT1ViewController.swift */,
				6AA5D0BC1FEA6F560096966F /* LaunchScreen.storyboard */,
				6AA5D0521FEA646D0096966F /* Info.plist */,
				6A319E002021ED6400F73760 /* Assets.xcassets */,
				6AD3CD1220FC71DD00AB25A3 /* Pronunciation */,
			);
			path = KanetsuGo;
			sourceTree = "<group>";
		};
		6AA5D0BA1FEA6D970096966F /* View Controllers */ = {
			isa = PBXGroup;
			children = (
				6A12E1331F9B3ACA0008D7C3 /* AppDelegate.swift */,
				6AA5D04A1FEA634F0096966F /* Review.swift */,
				6AA5D0481FEA63180096966F /* QSelectionViewController.swift */,
				6AA5D0501FEA64020096966F /* ViewController.swift */,
				6AA5D04C1FEA638D0096966F /* PopupViewController.swift */,
				6AA5D04E1FEA63C20096966F /* ReviewListViewController.swift */,
				6ABDD6011F9CD82400E005A0 /* HintViewController.swift */,
			);
			path = "View Controllers";
			sourceTree = "<group>";
		};
		6AD3CD1220FC71DD00AB25A3 /* Pronunciation */ = {
			isa = PBXGroup;
			children = (
				6AF4770921361C4E00A03278 /* Kansatsu.mp3 */,
				6AF4770A21361C4E00A03278 /* Seikan.mp3 */,
				6AF4770C21361C4F00A03278 /* Seikei.mp3 */,
				6AF4770B21361C4F00A03278 /* Seimei.mp3 */,
				6AF4770D21361C4F00A03278 /* Shinkou.mp3 */,
				6A71961A21349890001DA41B /* Akuyuu.mp3 */,
				6AD3CDD120FCD56F00AB25A3 /* Bungaku.mp3 */,
				6AD3CD8820FC7E0C00AB25A3 /* Bunka.mp3 */,
				6AE2B62420FF751B00E1454E /* Chijou.mp3 */,
				6AE2B62B20FF751B00E1454E /* Chika.mp3 */,
				6AE2B62720FF751B00E1454E /* Chikatetsu.mp3 */,
				6AE2B61C20FF751A00E1454E /* Chikyuu.mp3 */,
				6AD3CD8220FC7E0C00AB25A3 /* Chuui.mp3 */,
				6A7195FD2134988D001DA41B /* Daigaku.mp3 */,
				6A7196042134988E001DA41B /* Doubutsu.mp3 */,
				6AB2F5B021247EAC00B2763A /* Doui.mp3 */,
				6A71960A2134988E001DA41B /* Douki.mp3 */,
				6A71960F2134988F001DA41B /* Doumyaku.mp3 */,
				6A7196032134988E001DA41B /* Doushi.mp3 */,
				6A71960B2134988E001DA41B /* Gaikokujin.mp3 */,
				6A71961D21349891001DA41B /* Gakkou.mp3 */,
				6A7196052134988E001DA41B /* Gakuji.mp3 */,
				6A7196092134988E001DA41B /* Gakusei.mp3 */,
				6A71960E2134988F001DA41B /* Gakusha.mp3 */,
				6AD3CD8720FC7E0C00AB25A3 /* Gekkyuu.mp3 */,
				6AD3CD8F20FC7E0D00AB25A3 /* Getsugaku.mp3 */,
				6A71961521349890001DA41B /* Getsumatsu.mp3 */,
				6AE2B62920FF751B00E1454E /* Hanei.mp3 */,
				6AE2B62120FF751A00E1454E /* Hangeki.mp3 */,
				6AE2B62520FF751B00E1454E /* Hannou.mp3 */,
				6AE2B62C20FF751B00E1454E /* Hansei.mp3 */,
				6AE2B62820FF751B00E1454E /* Hansha.mp3 */,
				6AE2B62A20FF751B00E1454E /* Hantai.mp3 */,
				6AD3CD8E20FC7E0D00AB25A3 /* Hiduke.mp3 */,
				6A7195FA2134988C001DA41B /* Hiyou.mp3 */,
				6AD3CD9D20FC7E0E00AB25A3 /* Houritsu.mp3 */,
				6AD3CD9920FC7E0E00AB25A3 /* Igaku.mp3 */,
				6AE2B62020FF751A00E1454E /* Ihan.mp3 */,
				6AD3CD9E20FC7E0E00AB25A3 /* Iken.mp3 */,
				6AD3CD9520FC7E0D00AB25A3 /* Isshuukan.mp3 */,
				6A88F6A72104225700FDA0ED /* Jimen.mp3 */,
				6A7196062134988E001DA41B /* Jinken.mp3 */,
				6A7195FF2134988D001DA41B /* Jinkenhi.mp3 */,
				6AB2F5BC21247EAF00B2763A /* Jishin.mp3 */,
				6AB2F5BF21247EAF00B2763A /* Junbi.mp3 */,
				6A71962221349891001DA41B /* Kaden.mp3 */,
				6AD3CD8320FC7E0C00AB25A3 /* Kagaku.mp3 */,
				6AB2F5B421247EAD00B2763A /* Kako.mp3 */,
				6AD3CD9F20FC7E0E00AB25A3 /* Kakushuu.mp3 */,
				6AB2F5BB21247EAF00B2763A /* Kanri.mp3 */,
				6A7196012134988D001DA41B /* Katsudou.mp3 */,
				6A7195FB2134988C001DA41B /* Kazoku.mp3 */,
				6AB2F5B921247EAE00B2763A /* Kekka.mp3 */,
				6AB2F5B721247EAE00B2763A /* Ketsuron.mp3 */,
				6AB2F5B121247EAD00B2763A /* Kinen.mp3 */,
				6AB2F5BA21247EAE00B2763A /* Kodoku.mp3 */,
				6AE2B61F20FF751A00E1454E /* Kokka.mp3 */,
				6AE2B61E20FF751A00E1454E /* Kokuren.mp3 */,
				6AE2B62320FF751B00E1454E /* Kokuritsu.mp3 */,
				6AE2B62220FF751B00E1454E /* Kokusai.mp3 */,
				6AE2B62620FF751B00E1454E /* Kokuseki.mp3 */,
				6AD3CD8B20FC7E0D00AB25A3 /* Kongetsu.mp3 */,
				6AD3CD9A20FC7E0E00AB25A3 /* Konshuu.mp3 */,
				6A71960D2134988F001DA41B /* Kounetsuhi.mp3 */,
				6A7196082134988E001DA41B /* Koutsuu.mp3 */,
				6AD3CD8620FC7E0C00AB25A3 /* Kyou.mp3 */,
				6AD3CD9120FC7E0D00AB25A3 /* Mainichi.mp3 */,
				6AD3CD9620FC7E0D00AB25A3 /* Maishuu.mp3 */,
				6AD3CD8120FC7E0C00AB25A3 /* Maitsuki.mp3 */,
				6AB2F5B321247EAD00B2763A /* Nenryou.mp3 */,
				6A1388D520FDFCCA00B27489 /* Nichiji.mp3 */,
				6AD3CD8520FC7E0C00AB25A3 /* Nichijou.mp3 */,
				6A88F69721040FA000FDA0ED /* Nichiyouhin.mp3 */,
				6A7196072134988E001DA41B /* Nihonjin.mp3 */,
				6A71961B21349890001DA41B /* Ningen.mp3 */,
				6A7196102134988F001DA41B /* Ninzuu.mp3 */,
				6AD3CD9320FC7E0D00AB25A3 /* Raigetsu.mp3 */,
				6AD3CD9C20FC7E0E00AB25A3 /* Raishuu.mp3 */,
				6AB2F5C021247EB000B2763A /* Rakkan.mp3 */,
				6AB2F5BE21247EAF00B2763A /* Renraku.mp3 */,
				6A7196132134988F001DA41B /* Ryohi.mp3 */,
				6A71961C21349890001DA41B /* Seijigaku.mp3 */,
				6A71961621349890001DA41B /* Seijika.mp3 */,
				6AD3CD9720FC7E0D00AB25A3 /* Seikatsu.mp3 */,
				6AD3CD9420FC7E0D00AB25A3 /* Seisan.mp3 */,
				6A71962021349891001DA41B /* Seito.mp3 */,
				6AD3CD8C20FC7E0D00AB25A3 /* Seizon.mp3 */,
				6AD3CDA120FC7E0E00AB25A3 /* Sengetsu.mp3 */,
				6AD3CDA220FC7E0E00AB25A3 /* Senshuu.mp3 */,
				6A7196142134988F001DA41B /* Shakaigaku.mp3 */,
				6AAE5EEA21060A5F003CFB6C /* Shicchi.mp3 */,
				6A7195FE2134988D001DA41B /* Shingou.mp3 */,
				6A71960C2134988F001DA41B /* Shinja.mp3 */,
				6A71962121349891001DA41B /* Shinjin.mp3 */,
				6A7196112134988F001DA41B /* Shinrai.mp3 */,
				6A71961E21349891001DA41B /* Shinyuu.mp3 */,
				6A71961721349890001DA41B /* Shitetsu.mp3 */,
				6A7196002134988D001DA41B /* Shokuhi.mp3 */,
				6A7196122134988F001DA41B /* Shousetsuka.mp3 */,
				6AB2F5B521247EAD00B2763A /* Shuto.mp3 */,
				6AD3CD9220FC7E0D00AB25A3 /* Shuujitsu.mp3 */,
				6AB2F5B621247EAE00B2763A /* Shuukanshi.mp3 */,
				6AD3CDA320FC7E0E00AB25A3 /* Shuumatsu.mp3 */,
				6AD3CDA420FC7E0E00AB25A3 /* Suugaku.mp3 */,
				6AAE5EEC21060A6A003CFB6C /* Takuchi.mp3 */,
				6A71961821349890001DA41B /* Tekkyou.mp3 */,
				6AAE5EEE21060A71003CFB6C /* Tenchi.mp3 */,
				6AB2F5B221247EAD00B2763A /* Tennen.mp3 */,
				6A7196022134988E001DA41B /* Tetsudou.mp3 */,
				6AD3CD8A20FC7E0D00AB25A3 /* Tetsugaku.mp3 */,
				6AB2F5B821247EAE00B2763A /* Tsuuchi.mp3 */,
				6A88F68D210404DE00FDA0ED /* Tsuuka.mp3 */,
				6A88F68B2103FE4800FDA0ED /* Tsuukou.mp3 */,
				6A88F691210404EF00FDA0ED /* Tsuushin.mp3 */,
				6A88F693210404F900FDA0ED /* Tsuuyaku.mp3 */,
				6AD3CD9820FC7E0E00AB25A3 /* Yakugaku.mp3 */,
				6A7195FC2134988D001DA41B /* Yuujin.mp3 */,
				6A71961921349890001DA41B /* Yuujou.mp3 */,
			);
			path = Pronunciation;
			sourceTree = "<group>";
		};
		6AFE468C20F9BBE2005E4232 /* Recovered References */ = {
			isa = PBXGroup;
			children = (
				6A9BB93920F8F2900038ADE8 /* Nichiji.mp3 */,
				6A2947E820FA25B300FAC8C9 /* Bungaku.mp3 */,
				6A2947E420FA25A000FAC8C9 /* Anshin.mp3 */,
			);
			name = "Recovered References";
			sourceTree = "<group>";
		};
		D7FB38E931F49682C50FC363 /* Pods */ = {
			isa = PBXGroup;
			children = (
				A6F546E6A3AA79DC11926AC9 /* Pods-KanetsuGo.debug.xcconfig */,
				E3B8315F86604791F44942C7 /* Pods-KanetsuGo.release.xcconfig */,
			);
			name = Pods;
			sourceTree = "<group>";
		};
		E7B65B14C9E5448E1C1E16C7 /* Frameworks */ = {
			isa = PBXGroup;
			children = (
				D2567F2ED18E6380782A858F /* Pods_KanetsuGo.framework */,
			);
			name = Frameworks;
			sourceTree = "<group>";
		};
/* End PBXGroup section */

/* Begin PBXNativeTarget section */
		6A12E12F1F9B3ACA0008D7C3 /* KanetsuGo */ = {
			isa = PBXNativeTarget;
			buildConfigurationList = 6A12E1421F9B3ACA0008D7C3 /* Build configuration list for PBXNativeTarget "KanetsuGo" */;
			buildPhases = (
				8AF36704AC4833703AE5D733 /* [CP] Check Pods Manifest.lock */,
				6A12E12C1F9B3ACA0008D7C3 /* Sources */,
				6A12E12D1F9B3ACA0008D7C3 /* Frameworks */,
				6A12E12E1F9B3ACA0008D7C3 /* Resources */,
				1D8556B22D82FA6EE44C163D /* [CP] Embed Pods Frameworks */,
				69FB4C1451270976B14B3EAF /* [CP] Copy Pods Resources */,
			);
			buildRules = (
			);
			dependencies = (
			);
			name = KanetsuGo;
			productName = KanetsuGo;
			productReference = 6A12E1301F9B3ACA0008D7C3 /* KanetsuGo.app */;
			productType = "com.apple.product-type.application";
		};
/* End PBXNativeTarget section */

/* Begin PBXProject section */
		6A12E1281F9B3ACA0008D7C3 /* Project object */ = {
			isa = PBXProject;
			attributes = {
				LastSwiftUpdateCheck = 0900;
				LastUpgradeCheck = 0940;
				ORGANIZATIONNAME = NC;
				TargetAttributes = {
					6A12E12F1F9B3ACA0008D7C3 = {
						CreatedOnToolsVersion = 9.0.1;
						ProvisioningStyle = Automatic;
					};
				};
			};
			buildConfigurationList = 6A12E12B1F9B3ACA0008D7C3 /* Build configuration list for PBXProject "KanetsuGo" */;
			compatibilityVersion = "Xcode 8.0";
			developmentRegion = en;
			hasScannedForEncodings = 0;
			knownRegions = (
				en,
				Base,
				ja,
				vi,
			);
			mainGroup = 6A12E1271F9B3ACA0008D7C3;
			productRefGroup = 6A12E1311F9B3ACA0008D7C3 /* Products */;
			projectDirPath = "";
			projectRoot = "";
			targets = (
				6A12E12F1F9B3ACA0008D7C3 /* KanetsuGo */,
			);
		};
/* End PBXProject section */

/* Begin PBXResourcesBuildPhase section */
		6A12E12E1F9B3ACA0008D7C3 /* Resources */ = {
			isa = PBXResourcesBuildPhase;
			buildActionMask = 2147483647;
			files = (
				6AE2B63E20FF751B00E1454E /* Hansei.mp3 in Resources */,
				6A71964C21349891001DA41B /* Kaden.mp3 in Resources */,
				6AD3CDC520FC7E0E00AB25A3 /* Sengetsu.mp3 in Resources */,
				6A71964621349891001DA41B /* Seijigaku.mp3 in Resources */,
				6AF4770F21361C4F00A03278 /* Kansatsu.mp3 in Resources */,
				6A71963E21349891001DA41B /* Shakaigaku.mp3 in Resources */,
				6AF4771321361C4F00A03278 /* Shinkou.mp3 in Resources */,
				6A71964B21349891001DA41B /* Shinjin.mp3 in Resources */,
				6AE2B63120FF751B00E1454E /* Kokka.mp3 in Resources */,
				6A71963921349891001DA41B /* Doumyaku.mp3 in Resources */,
				6A71964721349891001DA41B /* Gakkou.mp3 in Resources */,
				6A71964521349891001DA41B /* Ningen.mp3 in Resources */,
				6A71963721349891001DA41B /* Kounetsuhi.mp3 in Resources */,
				6AB2F5C421247EB000B2763A /* Nenryou.mp3 in Resources */,
				6AB2F5C721247EB000B2763A /* Shuukanshi.mp3 in Resources */,
				6AE2B63820FF751B00E1454E /* Kokuseki.mp3 in Resources */,
				6AD3CDB020FC7E0E00AB25A3 /* Seizon.mp3 in Resources */,
				6A71962621349891001DA41B /* Yuujin.mp3 in Resources */,
				6A71963221349891001DA41B /* Koutsuu.mp3 in Resources */,
				6A71962C21349891001DA41B /* Tetsudou.mp3 in Resources */,
				6AB2F5CC21247EB000B2763A /* Kanri.mp3 in Resources */,
				6AD3CDBE20FC7E0E00AB25A3 /* Konshuu.mp3 in Resources */,
				6AB2F5C121247EB000B2763A /* Doui.mp3 in Resources */,
				6AD4ACCF21172EC200ECAD4F /* iPad.storyboard in Resources */,
				6AE2B62E20FF751B00E1454E /* Chikyuu.mp3 in Resources */,
				6AF4771021361C4F00A03278 /* Seikan.mp3 in Resources */,
				6AD3CDA720FC7E0E00AB25A3 /* Kagaku.mp3 in Resources */,
				6A71963121349891001DA41B /* Nihonjin.mp3 in Resources */,
				6AB2F5D021247EB000B2763A /* Junbi.mp3 in Resources */,
				6A71963321349891001DA41B /* Gakusei.mp3 in Resources */,
				6AB2F5C621247EB000B2763A /* Shuto.mp3 in Resources */,
				6AB2F5C921247EB000B2763A /* Tsuuchi.mp3 in Resources */,
				6AB2F5C821247EB000B2763A /* Ketsuron.mp3 in Resources */,
				6A71964321349891001DA41B /* Yuujou.mp3 in Resources */,
				6A71962B21349891001DA41B /* Katsudou.mp3 in Resources */,
				6A71963621349891001DA41B /* Shinja.mp3 in Resources */,
				6AE2B63220FF751B00E1454E /* Ihan.mp3 in Resources */,
				6A88F69821040FA000FDA0ED /* Nichiyouhin.mp3 in Resources */,
				6AD3CDB620FC7E0E00AB25A3 /* Shuujitsu.mp3 in Resources */,
				6A71964121349891001DA41B /* Shitetsu.mp3 in Resources */,
				6A88F68C2103FE4800FDA0ED /* Tsuukou.mp3 in Resources */,
				6A71963C21349891001DA41B /* Shousetsuka.mp3 in Resources */,
				6A71962A21349891001DA41B /* Shokuhi.mp3 in Resources */,
				6AA21294207652B700971FE8 /* Localizable.strings in Resources */,
				6A71962F21349891001DA41B /* Gakuji.mp3 in Resources */,
				6A71963421349891001DA41B /* Douki.mp3 in Resources */,
				6A1388D620FDFCCA00B27489 /* Nichiji.mp3 in Resources */,
				6AD3CDA520FC7E0E00AB25A3 /* Maitsuki.mp3 in Resources */,
				6AF4771221361C4F00A03278 /* Seikei.mp3 in Resources */,
				6AD3CDAA20FC7E0E00AB25A3 /* Kyou.mp3 in Resources */,
				6A71962821349891001DA41B /* Shingou.mp3 in Resources */,
				6AD3CDAF20FC7E0E00AB25A3 /* Kongetsu.mp3 in Resources */,
				6AD3CDA920FC7E0E00AB25A3 /* Nichijou.mp3 in Resources */,
				6A88F694210404F900FDA0ED /* Tsuuyaku.mp3 in Resources */,
				6A71962521349891001DA41B /* Kazoku.mp3 in Resources */,
				6AB2F5CD21247EB000B2763A /* Jishin.mp3 in Resources */,
				6A71963821349891001DA41B /* Gakusha.mp3 in Resources */,
				6A319E012021ED6500F73760 /* Assets.xcassets in Resources */,
				6AD3CDB920FC7E0E00AB25A3 /* Isshuukan.mp3 in Resources */,
				6AD3CDAC20FC7E0E00AB25A3 /* Bunka.mp3 in Resources */,
				6AD3CDBC20FC7E0E00AB25A3 /* Yakugaku.mp3 in Resources */,
				6A71963D21349891001DA41B /* Ryohi.mp3 in Resources */,
				6A71964821349891001DA41B /* Shinyuu.mp3 in Resources */,
				6AB2F5D121247EB000B2763A /* Rakkan.mp3 in Resources */,
				6AD3CDAB20FC7E0E00AB25A3 /* Gekkyuu.mp3 in Resources */,
				6A71962D21349891001DA41B /* Doushi.mp3 in Resources */,
				6AD3CDB520FC7E0E00AB25A3 /* Mainichi.mp3 in Resources */,
				6AE2B63920FF751B00E1454E /* Chikatetsu.mp3 in Resources */,
				6AE2B63020FF751B00E1454E /* Kokuren.mp3 in Resources */,
				6AE2B63720FF751B00E1454E /* Hannou.mp3 in Resources */,
				6AD3CDC120FC7E0E00AB25A3 /* Houritsu.mp3 in Resources */,
				6AA5D0451FEA62400096966F /* iPhone.storyboard in Resources */,
				6AB2F5C521247EB000B2763A /* Kako.mp3 in Resources */,
				6AE2B63320FF751B00E1454E /* Hangeki.mp3 in Resources */,
				6AF4771121361C4F00A03278 /* Seimei.mp3 in Resources */,
				6AB2F5CF21247EB000B2763A /* Renraku.mp3 in Resources */,
				6AE2B63620FF751B00E1454E /* Chijou.mp3 in Resources */,
				6AD3CDC020FC7E0E00AB25A3 /* Raishuu.mp3 in Resources */,
				6AE2B63A20FF751B00E1454E /* Hansha.mp3 in Resources */,
				6A71963021349891001DA41B /* Jinken.mp3 in Resources */,
				6AD3CDC720FC7E0E00AB25A3 /* Shuumatsu.mp3 in Resources */,
				6AE2B63420FF751B00E1454E /* Kokusai.mp3 in Resources */,
				6AD3CDBA20FC7E0E00AB25A3 /* Maishuu.mp3 in Resources */,
				6AD3CDB320FC7E0E00AB25A3 /* Getsugaku.mp3 in Resources */,
				6A71963A21349891001DA41B /* Ninzuu.mp3 in Resources */,
				6AE2B63B20FF751B00E1454E /* Hanei.mp3 in Resources */,
				6A71964021349891001DA41B /* Seijika.mp3 in Resources */,
				6A71963F21349891001DA41B /* Getsumatsu.mp3 in Resources */,
				6AE2B63C20FF751B00E1454E /* Hantai.mp3 in Resources */,
				6AB2F5CB21247EB000B2763A /* Kodoku.mp3 in Resources */,
				6AAE5EEF21060A72003CFB6C /* Tenchi.mp3 in Resources */,
				6A71964A21349891001DA41B /* Seito.mp3 in Resources */,
				6AB2F5CA21247EB000B2763A /* Kekka.mp3 in Resources */,
				6AD3CDB820FC7E0E00AB25A3 /* Seisan.mp3 in Resources */,
				6AA5D0BD1FEA6F570096966F /* LaunchScreen.storyboard in Resources */,
				6AD3CDAE20FC7E0E00AB25A3 /* Tetsugaku.mp3 in Resources */,
				6AD3CDBD20FC7E0E00AB25A3 /* Igaku.mp3 in Resources */,
				6AD3CDC320FC7E0E00AB25A3 /* Kakushuu.mp3 in Resources */,
				6AD3CDA620FC7E0E00AB25A3 /* Chuui.mp3 in Resources */,
				6AAE5EEB21060A5F003CFB6C /* Shicchi.mp3 in Resources */,
				6A71962721349891001DA41B /* Daigaku.mp3 in Resources */,
				6AAE5EED21060A6A003CFB6C /* Takuchi.mp3 in Resources */,
				6A71962921349891001DA41B /* Jinkenhi.mp3 in Resources */,
				6AB2F5C221247EB000B2763A /* Kinen.mp3 in Resources */,
				6A71963B21349891001DA41B /* Shinrai.mp3 in Resources */,
				6AD3CDB220FC7E0E00AB25A3 /* Hiduke.mp3 in Resources */,
				6A71962E21349891001DA41B /* Doubutsu.mp3 in Resources */,
				6AE2B63520FF751B00E1454E /* Kokuritsu.mp3 in Resources */,
				6AD3CDBB20FC7E0E00AB25A3 /* Seikatsu.mp3 in Resources */,
				6A88F68E210404DE00FDA0ED /* Tsuuka.mp3 in Resources */,
				6A71962421349891001DA41B /* Hiyou.mp3 in Resources */,
				6A71963521349891001DA41B /* Gaikokujin.mp3 in Resources */,
				6AD3CDB720FC7E0E00AB25A3 /* Raigetsu.mp3 in Resources */,
				6AB2F5C321247EB000B2763A /* Tennen.mp3 in Resources */,
				6AD3CDC820FC7E0E00AB25A3 /* Suugaku.mp3 in Resources */,
				6A71964421349891001DA41B /* Akuyuu.mp3 in Resources */,
				6AD3CDC220FC7E0E00AB25A3 /* Iken.mp3 in Resources */,
				6A71964221349891001DA41B /* Tekkyou.mp3 in Resources */,
				6A88F6A82104225800FDA0ED /* Jimen.mp3 in Resources */,
				6AD3CDC620FC7E0E00AB25A3 /* Senshuu.mp3 in Resources */,
				6AE2B63D20FF751B00E1454E /* Chika.mp3 in Resources */,
				6AD3CDD220FCD56F00AB25A3 /* Bungaku.mp3 in Resources */,
				6A88F692210404EF00FDA0ED /* Tsuushin.mp3 in Resources */,
			);
			runOnlyForDeploymentPostprocessing = 0;
		};
/* End PBXResourcesBuildPhase section */

/* Begin PBXShellScriptBuildPhase section */
		1D8556B22D82FA6EE44C163D /* [CP] Embed Pods Frameworks */ = {
			isa = PBXShellScriptBuildPhase;
			buildActionMask = 2147483647;
			files = (
			);
			inputPaths = (
				"${SRCROOT}/Pods/Target Support Files/Pods-KanetsuGo/Pods-KanetsuGo-frameworks.sh",
				"${BUILT_PRODUCTS_DIR}/Realm/Realm.framework",
				"${BUILT_PRODUCTS_DIR}/RealmSwift/RealmSwift.framework",
			);
			name = "[CP] Embed Pods Frameworks";
			outputPaths = (
				"${TARGET_BUILD_DIR}/${FRAMEWORKS_FOLDER_PATH}/Realm.framework",
				"${TARGET_BUILD_DIR}/${FRAMEWORKS_FOLDER_PATH}/RealmSwift.framework",
			);
			runOnlyForDeploymentPostprocessing = 0;
			shellPath = /bin/sh;
			shellScript = "\"${SRCROOT}/Pods/Target Support Files/Pods-KanetsuGo/Pods-KanetsuGo-frameworks.sh\"\n";
			showEnvVarsInLog = 0;
		};
		69FB4C1451270976B14B3EAF /* [CP] Copy Pods Resources */ = {
			isa = PBXShellScriptBuildPhase;
			buildActionMask = 2147483647;
			files = (
			);
			inputPaths = (
			);
			name = "[CP] Copy Pods Resources";
			outputPaths = (
			);
			runOnlyForDeploymentPostprocessing = 0;
			shellPath = /bin/sh;
			shellScript = "\"${SRCROOT}/Pods/Target Support Files/Pods-KanetsuGo/Pods-KanetsuGo-resources.sh\"\n";
			showEnvVarsInLog = 0;
		};
		8AF36704AC4833703AE5D733 /* [CP] Check Pods Manifest.lock */ = {
			isa = PBXShellScriptBuildPhase;
			buildActionMask = 2147483647;
			files = (
			);
			inputPaths = (
				"${PODS_PODFILE_DIR_PATH}/Podfile.lock",
				"${PODS_ROOT}/Manifest.lock",
			);
			name = "[CP] Check Pods Manifest.lock";
			outputPaths = (
				"$(DERIVED_FILE_DIR)/Pods-KanetsuGo-checkManifestLockResult.txt",
			);
			runOnlyForDeploymentPostprocessing = 0;
			shellPath = /bin/sh;
			shellScript = "diff \"${PODS_PODFILE_DIR_PATH}/Podfile.lock\" \"${PODS_ROOT}/Manifest.lock\" > /dev/null\nif [ $? != 0 ] ; then\n    # print error to STDERR\n    echo \"error: The sandbox is not in sync with the Podfile.lock. Run 'pod install' or update your CocoaPods installation.\" >&2\n    exit 1\nfi\n# This output is used by Xcode 'outputs' to avoid re-running this script phase.\necho \"SUCCESS\" > \"${SCRIPT_OUTPUT_FILE_0}\"\n";
			showEnvVarsInLog = 0;
		};
/* End PBXShellScriptBuildPhase section */

/* Begin PBXSourcesBuildPhase section */
		6A12E12C1F9B3ACA0008D7C3 /* Sources */ = {
			isa = PBXSourcesBuildPhase;
			buildActionMask = 2147483647;
			files = (
				6ABDD6021F9CD82400E005A0 /* HintViewController.swift in Sources */,
				6AC6EE08208F55B20033C39D /* MenuViewController.swift in Sources */,
				6A53A4EA2022EA6C002AA049 /* PageViewController.swift in Sources */,
				6A319E0B2022832A00F73760 /* WT5ViewController.swift in Sources */,
				6AA5D04B1FEA63500096966F /* Review.swift in Sources */,
				6AA5D04F1FEA63C20096966F /* ReviewListViewController.swift in Sources */,
				6AA645032029D8BB00F12E53 /* NavigationController.swift in Sources */,
				6AA5D0511FEA64020096966F /* ViewController.swift in Sources */,
				6A12E1341F9B3ACA0008D7C3 /* AppDelegate.swift in Sources */,
				6A319E07202282F800F73760 /* WT3ViewController.swift in Sources */,
				6A12269F2091F6E300AEFF86 /* UnderConstruction1ViewController.swift in Sources */,
				6A21E02320B5B6B5009979D1 /* BackToViewController.swift in Sources */,
				6A319E03202282C700F73760 /* WT1ViewController.swift in Sources */,
				6AA5D04D1FEA638D0096966F /* PopupViewController.swift in Sources */,
				6AA5D0491FEA63190096966F /* QSelectionViewController.swift in Sources */,
				6A319E05202282E200F73760 /* WT2ViewController.swift in Sources */,
				6A319E092022831500F73760 /* WT4ViewController.swift in Sources */,
				6AD3EB0D20A7E36600A13A95 /* IntroGroupViewController.swift in Sources */,
			);
			runOnlyForDeploymentPostprocessing = 0;
		};
/* End PBXSourcesBuildPhase section */

/* Begin PBXVariantGroup section */
		6AA21296207652B700971FE8 /* Localizable.strings */ = {
			isa = PBXVariantGroup;
			children = (
				6AA21295207652B700971FE8 /* en */,
				6AA21298207652E600971FE8 /* vi */,
				6AA212992076530B00971FE8 /* ja */,
				6AA2129A20772A1300971FE8 /* Base */,
			);
			name = Localizable.strings;
			sourceTree = "<group>";
		};
/* End PBXVariantGroup section */

/* Begin XCBuildConfiguration section */
		6A12E1401F9B3ACA0008D7C3 /* Debug */ = {
			isa = XCBuildConfiguration;
			buildSettings = {
				ALWAYS_SEARCH_USER_PATHS = NO;
				CLANG_ANALYZER_LOCALIZABILITY_NONLOCALIZED = YES;
				CLANG_ANALYZER_NONNULL = YES;
				CLANG_ANALYZER_NUMBER_OBJECT_CONVERSION = YES_AGGRESSIVE;
				CLANG_CXX_LANGUAGE_STANDARD = "gnu++14";
				CLANG_CXX_LIBRARY = "libc++";
				CLANG_ENABLE_MODULES = YES;
				CLANG_ENABLE_OBJC_ARC = YES;
				CLANG_WARN_BLOCK_CAPTURE_AUTORELEASING = YES;
				CLANG_WARN_BOOL_CONVERSION = YES;
				CLANG_WARN_COMMA = YES;
				CLANG_WARN_CONSTANT_CONVERSION = YES;
				CLANG_WARN_DEPRECATED_OBJC_IMPLEMENTATIONS = YES;
				CLANG_WARN_DIRECT_OBJC_ISA_USAGE = YES_ERROR;
				CLANG_WARN_DOCUMENTATION_COMMENTS = YES;
				CLANG_WARN_EMPTY_BODY = YES;
				CLANG_WARN_ENUM_CONVERSION = YES;
				CLANG_WARN_INFINITE_RECURSION = YES;
				CLANG_WARN_INT_CONVERSION = YES;
				CLANG_WARN_NON_LITERAL_NULL_CONVERSION = YES;
				CLANG_WARN_OBJC_IMPLICIT_RETAIN_SELF = YES;
				CLANG_WARN_OBJC_LITERAL_CONVERSION = YES;
				CLANG_WARN_OBJC_ROOT_CLASS = YES_ERROR;
				CLANG_WARN_RANGE_LOOP_ANALYSIS = YES;
				CLANG_WARN_STRICT_PROTOTYPES = YES;
				CLANG_WARN_SUSPICIOUS_MOVE = YES;
				CLANG_WARN_UNGUARDED_AVAILABILITY = YES_AGGRESSIVE;
				CLANG_WARN_UNREACHABLE_CODE = YES;
				CLANG_WARN__DUPLICATE_METHOD_MATCH = YES;
				CODE_SIGN_IDENTITY = "iPhone Developer";
				COPY_PHASE_STRIP = NO;
				DEBUG_INFORMATION_FORMAT = dwarf;
				ENABLE_STRICT_OBJC_MSGSEND = YES;
				ENABLE_TESTABILITY = YES;
				GCC_C_LANGUAGE_STANDARD = gnu11;
				GCC_DYNAMIC_NO_PIC = NO;
				GCC_NO_COMMON_BLOCKS = YES;
				GCC_OPTIMIZATION_LEVEL = 0;
				GCC_PREPROCESSOR_DEFINITIONS = (
					"DEBUG=1",
					"$(inherited)",
				);
				GCC_WARN_64_TO_32_BIT_CONVERSION = YES;
				GCC_WARN_ABOUT_RETURN_TYPE = YES_ERROR;
				GCC_WARN_UNDECLARED_SELECTOR = YES;
				GCC_WARN_UNINITIALIZED_AUTOS = YES_AGGRESSIVE;
				GCC_WARN_UNUSED_FUNCTION = YES;
				GCC_WARN_UNUSED_VARIABLE = YES;
				MTL_ENABLE_DEBUG_INFO = YES;
				ONLY_ACTIVE_ARCH = YES;
				SDKROOT = iphoneos;
				SWIFT_ACTIVE_COMPILATION_CONDITIONS = DEBUG;
				SWIFT_OPTIMIZATION_LEVEL = "-Onone";
			};
			name = Debug;
		};
		6A12E1411F9B3ACA0008D7C3 /* Release */ = {
			isa = XCBuildConfiguration;
			buildSettings = {
				ALWAYS_SEARCH_USER_PATHS = NO;
				CLANG_ANALYZER_LOCALIZABILITY_NONLOCALIZED = YES;
				CLANG_ANALYZER_NONNULL = YES;
				CLANG_ANALYZER_NUMBER_OBJECT_CONVERSION = YES_AGGRESSIVE;
				CLANG_CXX_LANGUAGE_STANDARD = "gnu++14";
				CLANG_CXX_LIBRARY = "libc++";
				CLANG_ENABLE_MODULES = YES;
				CLANG_ENABLE_OBJC_ARC = YES;
				CLANG_WARN_BLOCK_CAPTURE_AUTORELEASING = YES;
				CLANG_WARN_BOOL_CONVERSION = YES;
				CLANG_WARN_COMMA = YES;
				CLANG_WARN_CONSTANT_CONVERSION = YES;
				CLANG_WARN_DEPRECATED_OBJC_IMPLEMENTATIONS = YES;
				CLANG_WARN_DIRECT_OBJC_ISA_USAGE = YES_ERROR;
				CLANG_WARN_DOCUMENTATION_COMMENTS = YES;
				CLANG_WARN_EMPTY_BODY = YES;
				CLANG_WARN_ENUM_CONVERSION = YES;
				CLANG_WARN_INFINITE_RECURSION = YES;
				CLANG_WARN_INT_CONVERSION = YES;
				CLANG_WARN_NON_LITERAL_NULL_CONVERSION = YES;
				CLANG_WARN_OBJC_IMPLICIT_RETAIN_SELF = YES;
				CLANG_WARN_OBJC_LITERAL_CONVERSION = YES;
				CLANG_WARN_OBJC_ROOT_CLASS = YES_ERROR;
				CLANG_WARN_RANGE_LOOP_ANALYSIS = YES;
				CLANG_WARN_STRICT_PROTOTYPES = YES;
				CLANG_WARN_SUSPICIOUS_MOVE = YES;
				CLANG_WARN_UNGUARDED_AVAILABILITY = YES_AGGRESSIVE;
				CLANG_WARN_UNREACHABLE_CODE = YES;
				CLANG_WARN__DUPLICATE_METHOD_MATCH = YES;
				CODE_SIGN_IDENTITY = "iPhone Developer";
				COPY_PHASE_STRIP = NO;
				DEBUG_INFORMATION_FORMAT = "dwarf-with-dsym";
				ENABLE_NS_ASSERTIONS = NO;
				ENABLE_STRICT_OBJC_MSGSEND = YES;
				GCC_C_LANGUAGE_STANDARD = gnu11;
				GCC_NO_COMMON_BLOCKS = YES;
				GCC_WARN_64_TO_32_BIT_CONVERSION = YES;
				GCC_WARN_ABOUT_RETURN_TYPE = YES_ERROR;
				GCC_WARN_UNDECLARED_SELECTOR = YES;
				GCC_WARN_UNINITIALIZED_AUTOS = YES_AGGRESSIVE;
				GCC_WARN_UNUSED_FUNCTION = YES;
				GCC_WARN_UNUSED_VARIABLE = YES;
				MTL_ENABLE_DEBUG_INFO = NO;
				SDKROOT = iphoneos;
				SWIFT_OPTIMIZATION_LEVEL = "-Owholemodule";
				VALIDATE_PRODUCT = YES;
			};
			name = Release;
		};
		6A12E1431F9B3ACA0008D7C3 /* Debug */ = {
			isa = XCBuildConfiguration;
			baseConfigurationReference = A6F546E6A3AA79DC11926AC9 /* Pods-KanetsuGo.debug.xcconfig */;
			buildSettings = {
				ALWAYS_EMBED_SWIFT_STANDARD_LIBRARIES = YES;
				ASSETCATALOG_COMPILER_APPICON_NAME = AppIcon;
				CODE_SIGN_STYLE = Automatic;
				DEVELOPMENT_TEAM = H9UVAFWC82;
				INFOPLIST_FILE = KanetsuGo/Info.plist;
				IPHONEOS_DEPLOYMENT_TARGET = 11.0;
				LD_RUNPATH_SEARCH_PATHS = "$(inherited) @executable_path/Frameworks";
				PRODUCT_BUNDLE_IDENTIFIER = com.kanetsugo;
				PRODUCT_NAME = "$(TARGET_NAME)";
				SWIFT_VERSION = 4.0;
				TARGETED_DEVICE_FAMILY = "1,2";
			};
			name = Debug;
		};
		6A12E1441F9B3ACA0008D7C3 /* Release */ = {
			isa = XCBuildConfiguration;
			baseConfigurationReference = E3B8315F86604791F44942C7 /* Pods-KanetsuGo.release.xcconfig */;
			buildSettings = {
				ALWAYS_EMBED_SWIFT_STANDARD_LIBRARIES = YES;
				ASSETCATALOG_COMPILER_APPICON_NAME = AppIcon;
				CODE_SIGN_STYLE = Automatic;
				DEVELOPMENT_TEAM = H9UVAFWC82;
				INFOPLIST_FILE = KanetsuGo/Info.plist;
				IPHONEOS_DEPLOYMENT_TARGET = 11.0;
				LD_RUNPATH_SEARCH_PATHS = "$(inherited) @executable_path/Frameworks";
				PRODUCT_BUNDLE_IDENTIFIER = com.kanetsugo;
				PRODUCT_NAME = "$(TARGET_NAME)";
				SWIFT_VERSION = 4.0;
				TARGETED_DEVICE_FAMILY = "1,2";
			};
			name = Release;
		};
/* End XCBuildConfiguration section */

/* Begin XCConfigurationList section */
		6A12E12B1F9B3ACA0008D7C3 /* Build configuration list for PBXProject "KanetsuGo" */ = {
			isa = XCConfigurationList;
			buildConfigurations = (
				6A12E1401F9B3ACA0008D7C3 /* Debug */,
				6A12E1411F9B3ACA0008D7C3 /* Release */,
			);
			defaultConfigurationIsVisible = 0;
			defaultConfigurationName = Release;
		};
		6A12E1421F9B3ACA0008D7C3 /* Build configuration list for PBXNativeTarget "KanetsuGo" */ = {
			isa = XCConfigurationList;
			buildConfigurations = (
				6A12E1431F9B3ACA0008D7C3 /* Debug */,
				6A12E1441F9B3ACA0008D7C3 /* Release */,
			);
			defaultConfigurationIsVisible = 0;
			defaultConfigurationName = Release;
		};
/* End XCConfigurationList section */
	};
	rootObject = 6A12E1281F9B3ACA0008D7C3 /* Project object */;
}
